
Microsoft Visual Studio Solution File, Format Version 12.00
# Visual Studio Version 16
VisualStudioVersion = 16.0.31624.102
MinimumVisualStudioVersion = 10.0.40219.1
Project("{8BC9CEB8-8B4A-11D0-8D11-00A0C91BC942}") = "DesktopApp", "DesktopApp\DesktopApp.vcxproj", "{1114DF3E-8B46-4565-B172-C51A3DD6885F}"
EndProject
Project("{8BC9CEB8-8B4A-11D0-8D11-00A0C91BC942}") = "WindowsProject1", "DesktopApp\WindowsProject1\WindowsProject1.vcxproj", "{6E56F046-054E-4E8E-8A51-CE24469FE826}"
EndProject
Global
	GlobalSection(SolutionConfigurationPlatforms) = preSolution
		Debug|x64 = Debug|x64
		Debug|x86 = Debug|x86
		Release|x64 = Release|x64
		Release|x86 = Release|x86
	EndGlobalSection
	GlobalSection(ProjectConfigurationPlatforms) = postSolution
		{1114DF3E-8B46-4565-B172-C51A3DD6885F}.Debug|x64.ActiveCfg = Debug|x64
		{1114DF3E-8B46-4565-B172-C51A3DD6885F}.Debug|x64.Build.0 = Debug|x64
		{1114DF3E-8B46-4565-B172-C51A3DD6885F}.Debug|x86.ActiveCfg = Debug|Win32
		{1114DF3E-8B46-4565-B172-C51A3DD6885F}.Debug|x86.Build.0 = Debug|Win32
		{1114DF3E-8B46-4565-B172-C51A3DD6885F}.Release|x64.ActiveCfg = Release|x64
		{1114DF3E-8B46-4565-B172-C51A3DD6885F}.Release|x64.Build.0 = Release|x64
		{1114DF3E-8B46-4565-B172-C51A3DD6885F}.Release|x86.ActiveCfg = Release|Win32
		{1114DF3E-8B46-4565-B172-C51A3DD6885F}.Release|x86.Build.0 = Release|Win32
		{6E56F046-054E-4E8E-8A51-CE24469FE826}.Debug|x64.ActiveCfg = Debug|x64
		{6E56F046-054E-4E8E-8A51-CE24469FE826}.Debug|x64.Build.0 = Debug|x64
		{6E56F046-054E-4E8E-8A51-CE24469FE826}.Debug|x86.ActiveCfg = Debug|Win32
		{6E56F046-054E-4E8E-8A51-CE24469FE826}.Debug|x86.Build.0 = Debug|Win32
		{6E56F046-054E-4E8E-8A51-CE24469FE826}.Release|x64.ActiveCfg = Release|x64
		{6E56F046-054E-4E8E-8A51-CE24469FE826}.Release|x64.Build.0 = Release|x64
		{6E56F046-054E-4E8E-8A51-CE24469FE826}.Release|x86.ActiveCfg = Release|Win32
		{6E56F046-054E-4E8E-8A51-CE24469FE826}.Release|x86.Build.0 = Release|Win32
	EndGlobalSection
	GlobalSection(SolutionProperties) = preSolution
		HideSolutionNode = FALSE
	EndGlobalSection
	GlobalSection(ExtensibilityGlobals) = postSolution
		SolutionGuid = {6F26FF9E-9A8E-4984-A4A0-265C6A567DCF}
	EndGlobalSection
EndGlobal
