
Microsoft Visual Studio Solution File, Format Version 12.00
# Visual Studio Version 17
VisualStudioVersion = 17.0.32014.148
MinimumVisualStudioVersion = 10.0.40219.1
Project("{8BC9CEB8-8B4A-11D0-8D11-00A0C91BC942}") = "1_01_HelloWorld", "1_01_HelloWorld\1_01_HelloWorld.vcxproj", "{AE1C120A-A7D7-4848-A0E4-E5550A0839B8}"
EndProject
Project("{8BC9CEB8-8B4A-11D0-8D11-00A0C91BC942}") = "1_02_Printf", "1_02_Printf\1_02_Printf.vcxproj", "{B91ABF78-FDAE-47F0-B5F5-6FC46DB2C852}"
EndProject
Project("{8BC9CEB8-8B4A-11D0-8D11-00A0C91BC942}") = "1_03_Printf_Rules", "1_03_Printf_Rules\1_03_Printf_Rules.vcxproj", "{F5CD5C8D-2AB9-4F0C-AB92-9298138F56B5}"
EndProject
Project("{8BC9CEB8-8B4A-11D0-8D11-00A0C91BC942}") = "1_04_NumSystem", "1_04_NumSystem\1_04_NumSystem.vcxproj", "{4F3BE7E9-99FD-48E1-A875-784025DCE924}"
EndProject
Project("{8BC9CEB8-8B4A-11D0-8D11-00A0C91BC942}") = "1_05_Ascii", "1_05_Ascii\1_05_Ascii.vcxproj", "{BB1F98BA-C375-4FA3-BF6B-990F6FF13CBE}"
EndProject
Project("{8BC9CEB8-8B4A-11D0-8D11-00A0C91BC942}") = "2_01_DataType.cpp", "2_01_DataType.cpp\2_01_DataType.cpp.vcxproj", "{D83645E9-8306-460C-AF75-BC4041E137E1}"
EndProject
Project("{8BC9CEB8-8B4A-11D0-8D11-00A0C91BC942}") = "2_02_Unsigned", "2_02_Unsigned\2_02_Unsigned.vcxproj", "{6273801F-E8AE-4D2C-9261-C0E5FB88DED2}"
EndProject
Project("{8BC9CEB8-8B4A-11D0-8D11-00A0C91BC942}") = "2_03_Sizeof", "2_03_Sizeof\2_03_Sizeof.vcxproj", "{FDBC1389-A9B5-4E4F-8CCD-D15D714693A8}"
EndProject
Project("{8BC9CEB8-8B4A-11D0-8D11-00A0C91BC942}") = "2_04_Arithmetic", "2_04_Arithmetic\2_04_Arithmetic.vcxproj", "{FD61985B-ABC0-45EB-863B-F817907553DD}"
EndProject
Project("{8BC9CEB8-8B4A-11D0-8D11-00A0C91BC942}") = "2_05_Assignment", "2_05_Assignment\2_05_Assignment.vcxproj", "{41051AB2-E5A5-4983-AF18-72A9EC43FB73}"
EndProject
Project("{8BC9CEB8-8B4A-11D0-8D11-00A0C91BC942}") = "2_06_Increment", "2_06_Increment\2_06_Increment.vcxproj", "{324C5F61-6436-4FEE-82FB-34CB0B3F7479}"
EndProject
Project("{8BC9CEB8-8B4A-11D0-8D11-00A0C91BC942}") = "2_07_Comparison.cpp", "2_07_Comparison.cpp\2_07_Comparison.cpp.vcxproj", "{B38D455D-02E6-43B0-BD3A-DF3F133EC939}"
EndProject
Project("{8BC9CEB8-8B4A-11D0-8D11-00A0C91BC942}") = "2_08_BitOperation", "2_08_BitOperation\2_08_BitOperation.vcxproj", "{6860A914-EE91-47AA-AF9D-83CB9BD578D3}"
EndProject
Project("{8BC9CEB8-8B4A-11D0-8D11-00A0C91BC942}") = "2_09_TypeCast.cpp", "2_09_TypeCast.cpp\2_09_TypeCast.cpp.vcxproj", "{326A812D-9CCE-4398-A056-F438938EAB2E}"
EndProject
Project("{8BC9CEB8-8B4A-11D0-8D11-00A0C91BC942}") = "3_01_If", "3_01_If\3_01_If.vcxproj", "{67BF2065-29E8-4EEF-8733-9DE6E0F746CB}"
EndProject
Project("{8BC9CEB8-8B4A-11D0-8D11-00A0C91BC942}") = "3_02_If3rd", "3_02_If3rd\3_02_If3rd.vcxproj", "{F088B6C4-205B-45C4-955C-15C2A50B7E7D}"
EndProject
Project("{8BC9CEB8-8B4A-11D0-8D11-00A0C91BC942}") = "3_03_Switch", "3_03_Switch\3_03_Switch.vcxproj", "{95854827-CD18-40AA-914E-8CDA4CC6AD07}"
EndProject
Project("{8BC9CEB8-8B4A-11D0-8D11-00A0C91BC942}") = "3_04_Loop", "3_04_Loop\3_04_Loop.vcxproj", "{C144BBC5-6CB0-4EFA-A354-2D18278B66D0}"
EndProject
Project("{8BC9CEB8-8B4A-11D0-8D11-00A0C91BC942}") = "3_05_Continue", "3_05_Continue\3_05_Continue.vcxproj", "{799EA4D8-AA8A-43BA-B9FE-940F5A129BBE}"
EndProject
Project("{8BC9CEB8-8B4A-11D0-8D11-00A0C91BC942}") = "3_06_Goto", "3_06_Goto\3_06_Goto.vcxproj", "{65782531-9857-4B45-814F-C14D45FE032D}"
EndProject
Project("{8BC9CEB8-8B4A-11D0-8D11-00A0C91BC942}") = "4_01_Function", "4_01_Function\4_01_Function.vcxproj", "{67815FE6-483B-48EA-8A52-AF166E9FA75F}"
EndProject
Project("{8BC9CEB8-8B4A-11D0-8D11-00A0C91BC942}") = "4_02_Func_HandOver", "4_02_Func_HandOver\4_02_Func_HandOver.vcxproj", "{0783C51E-097A-4EB4-B802-7D58D9BA947C}"
EndProject
Project("{8BC9CEB8-8B4A-11D0-8D11-00A0C91BC942}") = "4_03_Func_Call", "4_03_Func_Call\4_03_Func_Call.vcxproj", "{6BA8BB87-F6E8-4497-BAA3-B3A7073F8FFB}"
EndProject
Project("{8BC9CEB8-8B4A-11D0-8D11-00A0C91BC942}") = "4_04_Overloading", "4_04_Overloading\4_04_Overloading.vcxproj", "{0966D3A3-0DEB-4238-9B25-578581A534FD}"
EndProject
Project("{8BC9CEB8-8B4A-11D0-8D11-00A0C91BC942}") = "4_05_Return", "4_05_Return\4_05_Return.vcxproj", "{0300A0B0-89AE-4B0D-8BF7-0DDE34F39C4C}"
EndProject
Project("{8BC9CEB8-8B4A-11D0-8D11-00A0C91BC942}") = "4_06_Reculsive", "4_06_Reculsive\4_06_Reculsive.vcxproj", "{38071BD5-16DA-4CD1-A84A-30E3F744A814}"
EndProject
Project("{8BC9CEB8-8B4A-11D0-8D11-00A0C91BC942}") = "4_07_ProtoType", "4_07_ProtoType\4_07_ProtoType.vcxproj", "{04454BBB-5E0B-4D62-AA86-24174E9C2FB2}"
EndProject
Project("{8BC9CEB8-8B4A-11D0-8D11-00A0C91BC942}") = "4_08_Include", "4_08_Include\4_08_Include.vcxproj", "{CAB81088-3B26-4FCE-B011-17548B4D169E}"
EndProject
Project("{8BC9CEB8-8B4A-11D0-8D11-00A0C91BC942}") = "4_09_VarLiveCycle", "4_09_VarLiveCycle\4_09_VarLiveCycle.vcxproj", "{0D740326-AFF5-4064-A9AB-486CC504E898}"
EndProject
Project("{8BC9CEB8-8B4A-11D0-8D11-00A0C91BC942}") = "4_10_Static", "4_10_Static\4_10_Static.vcxproj", "{B5931D24-CED0-48E4-A4E9-F0BED09E9D39}"
EndProject
Project("{8BC9CEB8-8B4A-11D0-8D11-00A0C91BC942}") = "4_11_Shortage", "4_11_Shortage\4_11_Shortage.vcxproj", "{6ACFF525-A269-40EA-BF5D-CEAA2F5A447C}"
EndProject
Project("{8BC9CEB8-8B4A-11D0-8D11-00A0C91BC942}") = "4_99_va_list", "4_99_va_list\4_99_va_list.vcxproj", "{01991179-AF97-4708-A3A4-A4CA1B052224}"
EndProject
Project("{8BC9CEB8-8B4A-11D0-8D11-00A0C91BC942}") = "5_01_Pointer", "5_01_Pointer\5_01_Pointer.vcxproj", "{DC6819B6-82A5-408B-9E70-4A520BCD9106}"
EndProject
Project("{8BC9CEB8-8B4A-11D0-8D11-00A0C91BC942}") = "5_02_WithFunc", "5_02_WithFunc\5_02_WithFunc.vcxproj", "{3AB7422A-1E57-4A57-ADDC-97CC18DA7BB9}"
EndProject
Project("{8BC9CEB8-8B4A-11D0-8D11-00A0C91BC942}") = "5_03_CallBy", "5_03_CallBy\5_03_CallBy.vcxproj", "{7C2ADE4D-3ECC-49F6-9A2F-0B0EC77E7756}"
EndProject
Project("{8BC9CEB8-8B4A-11D0-8D11-00A0C91BC942}") = "5_04_Increment", "5_04_Increment\5_04_Increment.vcxproj", "{FD08FB07-A3BB-4510-8CF1-1CCA0247F640}"
EndProject
Project("{8BC9CEB8-8B4A-11D0-8D11-00A0C91BC942}") = "5_05_DoublePtr", "5_05_DoublePtr\5_05_DoublePtr.vcxproj", "{67205303-95D3-456E-8ADD-5B6B6A29262D}"
EndProject
Project("{8BC9CEB8-8B4A-11D0-8D11-00A0C91BC942}") = "5_06_Array", "5_06_Array\5_06_Array.vcxproj", "{E669C6D0-784A-4B60-A6C5-D68BEEB0AF9E}"
EndProject
Project("{8BC9CEB8-8B4A-11D0-8D11-00A0C91BC942}") = "5_07_ArrayDetail", "5_07_ArrayDetail\5_07_ArrayDetail.vcxproj", "{7C814C6D-EDF1-4698-90A0-8158F3E3124A}"
EndProject
Project("{8BC9CEB8-8B4A-11D0-8D11-00A0C91BC942}") = "5_08_String", "5_08_String\5_08_String.vcxproj", "{E6C703C5-A78A-4A74-BC6D-C1C096A0B627}"
EndProject
Project("{8BC9CEB8-8B4A-11D0-8D11-00A0C91BC942}") = "5_09_FuncPtr", "5_09_FuncPtr\5_09_FuncPtr.vcxproj", "{0CAFE2FA-B5E0-4DE3-BF74-9182E608F03F}"
EndProject
Project("{8BC9CEB8-8B4A-11D0-8D11-00A0C91BC942}") = "6_01_Struct", "6_01_Struct\6_01_Struct.vcxproj", "{9582965F-354E-44A2-8DC5-31343B3426BD}"
EndProject
Project("{8BC9CEB8-8B4A-11D0-8D11-00A0C91BC942}") = "6_02_Typedef", "6_02_Typedef\6_02_Typedef.vcxproj", "{C0A158C7-366E-4955-95D3-08F14A168D1F}"
EndProject
Project("{8BC9CEB8-8B4A-11D0-8D11-00A0C91BC942}") = "6_03_Sizeof", "6_03_Sizeof\6_03_Sizeof.vcxproj", "{711941FE-873A-4875-A8D4-0E45483F5F84}"
EndProject
Project("{8BC9CEB8-8B4A-11D0-8D11-00A0C91BC942}") = "6_04_OfStruct", "6_04_OfStruct\6_04_OfStruct.vcxproj", "{655F42C2-B2DD-458A-93C5-AD582DFDE031}"
EndProject
Project("{8BC9CEB8-8B4A-11D0-8D11-00A0C91BC942}") = "6_05_ByPointer", "6_05_ByPointer\6_05_ByPointer.vcxproj", "{D9A8F049-009A-455F-BE18-FF30375A3F11}"
EndProject
Project("{8BC9CEB8-8B4A-11D0-8D11-00A0C91BC942}") = "6_06_Array", "6_06_Array\6_06_Array.vcxproj", "{C660AB70-48D6-48DD-8742-95814F837F6E}"
EndProject
Project("{8BC9CEB8-8B4A-11D0-8D11-00A0C91BC942}") = "6_06_Array2", "6_06_Array2\6_06_Array2.vcxproj", "{F3DF0900-5BB2-4985-A1EC-637A0C10C2CE}"
EndProject
Project("{8BC9CEB8-8B4A-11D0-8D11-00A0C91BC942}") = "6_07_Union", "6_07_Union\6_07_Union.vcxproj", "{43945BE6-1054-42B2-A716-329F661250E5}"
EndProject
Project("{8BC9CEB8-8B4A-11D0-8D11-00A0C91BC942}") = "6_08_Enum", "6_08_Enum\6_08_Enum.vcxproj", "{A11AE570-5A3B-4278-982F-87FDFFF697A4}"
EndProject
Project("{8BC9CEB8-8B4A-11D0-8D11-00A0C91BC942}") = "7_01_Preprocess", "7_01_Preprocess\7_01_Preprocess.vcxproj", "{B6792359-EE88-49CE-984F-9C98BB0F7108}"
EndProject
Project("{8BC9CEB8-8B4A-11D0-8D11-00A0C91BC942}") = "7_02_IfDefine", "7_02_IfDefine\7_02_IfDefine.vcxproj", "{00791206-92AE-4494-A984-3D9235C74654}"
EndProject
Project("{8BC9CEB8-8B4A-11D0-8D11-00A0C91BC942}") = "7_03_Volatile", "7_03_Volatile\7_03_Volatile.vcxproj", "{DE574CB1-E289-41E1-A1A4-8C9A24675EB2}"
EndProject
Project("{8BC9CEB8-8B4A-11D0-8D11-00A0C91BC942}") = "7_04_Extern", "7_04_Extern\7_04_Extern.vcxproj", "{7770D8C0-A0AA-4E07-9EA7-AC7BBCC5F961}"
EndProject
Project("{8BC9CEB8-8B4A-11D0-8D11-00A0C91BC942}") = "7_05_inline", "7_05_inline\7_05_inline.vcxproj", "{28633ED4-2797-4DFB-B1B1-EE4061B1B36D}"
EndProject
Project("{8BC9CEB8-8B4A-11D0-8D11-00A0C91BC942}") = "7_06_Math", "7_06_Math\7_06_Math.vcxproj", "{E5F52EA4-3D28-4AE1-8B99-2D84969536B6}"
EndProject
Project("{8BC9CEB8-8B4A-11D0-8D11-00A0C91BC942}") = "7_08_Malloc", "7_07_Malloc\7_07_Malloc.vcxproj", "{D62F8475-31C6-4909-93A7-9327BFF6022F}"
EndProject
Project("{8BC9CEB8-8B4A-11D0-8D11-00A0C91BC942}") = "7_09_File", "7_08_File\7_08_File.vcxproj", "{CBE5A79A-D79C-43DB-805B-7D3275070936}"
EndProject
Project("{8BC9CEB8-8B4A-11D0-8D11-00A0C91BC942}") = "7_10_swap", "7_09_swap\7_09_swap.vcxproj", "{4FEB59E4-6CE3-4099-928A-89068A7BF21F}"
EndProject
Project("{8BC9CEB8-8B4A-11D0-8D11-00A0C91BC942}") = "7_10b_Perform", "7_10_Perform\7_10_Perform.vcxproj", "{76F9ECAA-3CAC-436F-97E5-85B07330E3E7}"
EndProject
Project("{8BC9CEB8-8B4A-11D0-8D11-00A0C91BC942}") = "0_Test", "0_Test\0_Test.vcxproj", "{36A63084-3F3D-4594-B429-24066B100C50}"
EndProject
Project("{8BC9CEB8-8B4A-11D0-8D11-00A0C91BC942}") = "StaticLib", "StaticLib\StaticLib.vcxproj", "{D48A1DA0-4937-4034-A497-B879DB1DA5D8}"
EndProject
Project("{8BC9CEB8-8B4A-11D0-8D11-00A0C91BC942}") = "2_01b_Float", "2_01b_Float\2_01b_Float.vcxproj", "{72801850-EFF4-48B7-B044-66E852CE036D}"
EndProject
Project("{8BC9CEB8-8B4A-11D0-8D11-00A0C91BC942}") = "2_01c_FloatError", "2_01c_FloatError\2_01c_FloatError.vcxproj", "{7280D692-6C59-42B9-8DEC-99840A1EFD71}"
EndProject
Project("{8BC9CEB8-8B4A-11D0-8D11-00A0C91BC942}") = "2_01d_hangul", "2_01d_hangul\2_01d_hangul.vcxproj", "{6810700C-9457-433C-B9EC-5B576F55BD4D}"
EndProject
Project("{8BC9CEB8-8B4A-11D0-8D11-00A0C91BC942}") = "2_01e_Unicode", "2_01e_Unicode\2_01e_Unicode.vcxproj", "{86DE3767-8E4A-4682-A28A-CFFD202FFABB}"
EndProject
Project("{8BC9CEB8-8B4A-11D0-8D11-00A0C91BC942}") = "7_07_Random", "7_07_Random\7_07_Random.vcxproj", "{EAF08779-89C1-46D7-AE57-A5FD800E7335}"
EndProject
Global
	GlobalSection(SolutionConfigurationPlatforms) = preSolution
		Debug|x64 = Debug|x64
		Debug|x86 = Debug|x86
		Release|x64 = Release|x64
		Release|x86 = Release|x86
	EndGlobalSection
	GlobalSection(ProjectConfigurationPlatforms) = postSolution
		{AE1C120A-A7D7-4848-A0E4-E5550A0839B8}.Debug|x64.ActiveCfg = Debug|x64
		{AE1C120A-A7D7-4848-A0E4-E5550A0839B8}.Debug|x64.Build.0 = Debug|x64
		{AE1C120A-A7D7-4848-A0E4-E5550A0839B8}.Debug|x86.ActiveCfg = Release|Win32
		{AE1C120A-A7D7-4848-A0E4-E5550A0839B8}.Debug|x86.Build.0 = Release|Win32
		{AE1C120A-A7D7-4848-A0E4-E5550A0839B8}.Release|x64.ActiveCfg = Release|x64
		{AE1C120A-A7D7-4848-A0E4-E5550A0839B8}.Release|x64.Build.0 = Release|x64
		{AE1C120A-A7D7-4848-A0E4-E5550A0839B8}.Release|x86.ActiveCfg = Release|Win32
		{AE1C120A-A7D7-4848-A0E4-E5550A0839B8}.Release|x86.Build.0 = Release|Win32
		{B91ABF78-FDAE-47F0-B5F5-6FC46DB2C852}.Debug|x64.ActiveCfg = Debug|x64
		{B91ABF78-FDAE-47F0-B5F5-6FC46DB2C852}.Debug|x64.Build.0 = Debug|x64
		{B91ABF78-FDAE-47F0-B5F5-6FC46DB2C852}.Debug|x86.ActiveCfg = Release|Win32
		{B91ABF78-FDAE-47F0-B5F5-6FC46DB2C852}.Debug|x86.Build.0 = Release|Win32
		{B91ABF78-FDAE-47F0-B5F5-6FC46DB2C852}.Release|x64.ActiveCfg = Release|x64
		{B91ABF78-FDAE-47F0-B5F5-6FC46DB2C852}.Release|x64.Build.0 = Release|x64
		{B91ABF78-FDAE-47F0-B5F5-6FC46DB2C852}.Release|x86.ActiveCfg = Release|Win32
		{B91ABF78-FDAE-47F0-B5F5-6FC46DB2C852}.Release|x86.Build.0 = Release|Win32
		{F5CD5C8D-2AB9-4F0C-AB92-9298138F56B5}.Debug|x64.ActiveCfg = Debug|x64
		{F5CD5C8D-2AB9-4F0C-AB92-9298138F56B5}.Debug|x64.Build.0 = Debug|x64
		{F5CD5C8D-2AB9-4F0C-AB92-9298138F56B5}.Debug|x86.ActiveCfg = Release|Win32
		{F5CD5C8D-2AB9-4F0C-AB92-9298138F56B5}.Debug|x86.Build.0 = Release|Win32
		{F5CD5C8D-2AB9-4F0C-AB92-9298138F56B5}.Release|x64.ActiveCfg = Release|x64
		{F5CD5C8D-2AB9-4F0C-AB92-9298138F56B5}.Release|x64.Build.0 = Release|x64
		{F5CD5C8D-2AB9-4F0C-AB92-9298138F56B5}.Release|x86.ActiveCfg = Release|Win32
		{F5CD5C8D-2AB9-4F0C-AB92-9298138F56B5}.Release|x86.Build.0 = Release|Win32
		{4F3BE7E9-99FD-48E1-A875-784025DCE924}.Debug|x64.ActiveCfg = Debug|x64
		{4F3BE7E9-99FD-48E1-A875-784025DCE924}.Debug|x64.Build.0 = Debug|x64
		{4F3BE7E9-99FD-48E1-A875-784025DCE924}.Debug|x86.ActiveCfg = Release|Win32
		{4F3BE7E9-99FD-48E1-A875-784025DCE924}.Debug|x86.Build.0 = Release|Win32
		{4F3BE7E9-99FD-48E1-A875-784025DCE924}.Release|x64.ActiveCfg = Release|x64
		{4F3BE7E9-99FD-48E1-A875-784025DCE924}.Release|x64.Build.0 = Release|x64
		{4F3BE7E9-99FD-48E1-A875-784025DCE924}.Release|x86.ActiveCfg = Release|Win32
		{4F3BE7E9-99FD-48E1-A875-784025DCE924}.Release|x86.Build.0 = Release|Win32
		{BB1F98BA-C375-4FA3-BF6B-990F6FF13CBE}.Debug|x64.ActiveCfg = Debug|x64
		{BB1F98BA-C375-4FA3-BF6B-990F6FF13CBE}.Debug|x64.Build.0 = Debug|x64
		{BB1F98BA-C375-4FA3-BF6B-990F6FF13CBE}.Debug|x86.ActiveCfg = Debug|Win32
		{BB1F98BA-C375-4FA3-BF6B-990F6FF13CBE}.Debug|x86.Build.0 = Debug|Win32
		{BB1F98BA-C375-4FA3-BF6B-990F6FF13CBE}.Release|x64.ActiveCfg = Release|x64
		{BB1F98BA-C375-4FA3-BF6B-990F6FF13CBE}.Release|x64.Build.0 = Release|x64
		{BB1F98BA-C375-4FA3-BF6B-990F6FF13CBE}.Release|x86.ActiveCfg = Release|Win32
		{BB1F98BA-C375-4FA3-BF6B-990F6FF13CBE}.Release|x86.Build.0 = Release|Win32
		{D83645E9-8306-460C-AF75-BC4041E137E1}.Debug|x64.ActiveCfg = Debug|x64
		{D83645E9-8306-460C-AF75-BC4041E137E1}.Debug|x64.Build.0 = Debug|x64
		{D83645E9-8306-460C-AF75-BC4041E137E1}.Debug|x86.ActiveCfg = Debug|Win32
		{D83645E9-8306-460C-AF75-BC4041E137E1}.Debug|x86.Build.0 = Debug|Win32
		{D83645E9-8306-460C-AF75-BC4041E137E1}.Release|x64.ActiveCfg = Release|x64
		{D83645E9-8306-460C-AF75-BC4041E137E1}.Release|x64.Build.0 = Release|x64
		{D83645E9-8306-460C-AF75-BC4041E137E1}.Release|x86.ActiveCfg = Release|Win32
		{D83645E9-8306-460C-AF75-BC4041E137E1}.Release|x86.Build.0 = Release|Win32
		{6273801F-E8AE-4D2C-9261-C0E5FB88DED2}.Debug|x64.ActiveCfg = Debug|x64
		{6273801F-E8AE-4D2C-9261-C0E5FB88DED2}.Debug|x64.Build.0 = Debug|x64
		{6273801F-E8AE-4D2C-9261-C0E5FB88DED2}.Debug|x86.ActiveCfg = Debug|Win32
		{6273801F-E8AE-4D2C-9261-C0E5FB88DED2}.Debug|x86.Build.0 = Debug|Win32
		{6273801F-E8AE-4D2C-9261-C0E5FB88DED2}.Release|x64.ActiveCfg = Release|x64
		{6273801F-E8AE-4D2C-9261-C0E5FB88DED2}.Release|x64.Build.0 = Release|x64
		{6273801F-E8AE-4D2C-9261-C0E5FB88DED2}.Release|x86.ActiveCfg = Release|Win32
		{6273801F-E8AE-4D2C-9261-C0E5FB88DED2}.Release|x86.Build.0 = Release|Win32
		{FDBC1389-A9B5-4E4F-8CCD-D15D714693A8}.Debug|x64.ActiveCfg = Debug|x64
		{FDBC1389-A9B5-4E4F-8CCD-D15D714693A8}.Debug|x64.Build.0 = Debug|x64
		{FDBC1389-A9B5-4E4F-8CCD-D15D714693A8}.Debug|x86.ActiveCfg = Debug|Win32
		{FDBC1389-A9B5-4E4F-8CCD-D15D714693A8}.Debug|x86.Build.0 = Debug|Win32
		{FDBC1389-A9B5-4E4F-8CCD-D15D714693A8}.Release|x64.ActiveCfg = Release|x64
		{FDBC1389-A9B5-4E4F-8CCD-D15D714693A8}.Release|x64.Build.0 = Release|x64
		{FDBC1389-A9B5-4E4F-8CCD-D15D714693A8}.Release|x86.ActiveCfg = Release|Win32
		{FDBC1389-A9B5-4E4F-8CCD-D15D714693A8}.Release|x86.Build.0 = Release|Win32
		{FD61985B-ABC0-45EB-863B-F817907553DD}.Debug|x64.ActiveCfg = Debug|x64
		{FD61985B-ABC0-45EB-863B-F817907553DD}.Debug|x64.Build.0 = Debug|x64
		{FD61985B-ABC0-45EB-863B-F817907553DD}.Debug|x86.ActiveCfg = Debug|Win32
		{FD61985B-ABC0-45EB-863B-F817907553DD}.Debug|x86.Build.0 = Debug|Win32
		{FD61985B-ABC0-45EB-863B-F817907553DD}.Release|x64.ActiveCfg = Release|x64
		{FD61985B-ABC0-45EB-863B-F817907553DD}.Release|x64.Build.0 = Release|x64
		{FD61985B-ABC0-45EB-863B-F817907553DD}.Release|x86.ActiveCfg = Release|Win32
		{FD61985B-ABC0-45EB-863B-F817907553DD}.Release|x86.Build.0 = Release|Win32
		{41051AB2-E5A5-4983-AF18-72A9EC43FB73}.Debug|x64.ActiveCfg = Debug|x64
		{41051AB2-E5A5-4983-AF18-72A9EC43FB73}.Debug|x64.Build.0 = Debug|x64
		{41051AB2-E5A5-4983-AF18-72A9EC43FB73}.Debug|x86.ActiveCfg = Debug|Win32
		{41051AB2-E5A5-4983-AF18-72A9EC43FB73}.Debug|x86.Build.0 = Debug|Win32
		{41051AB2-E5A5-4983-AF18-72A9EC43FB73}.Release|x64.ActiveCfg = Release|x64
		{41051AB2-E5A5-4983-AF18-72A9EC43FB73}.Release|x64.Build.0 = Release|x64
		{41051AB2-E5A5-4983-AF18-72A9EC43FB73}.Release|x86.ActiveCfg = Release|Win32
		{41051AB2-E5A5-4983-AF18-72A9EC43FB73}.Release|x86.Build.0 = Release|Win32
		{324C5F61-6436-4FEE-82FB-34CB0B3F7479}.Debug|x64.ActiveCfg = Debug|x64
		{324C5F61-6436-4FEE-82FB-34CB0B3F7479}.Debug|x64.Build.0 = Debug|x64
		{324C5F61-6436-4FEE-82FB-34CB0B3F7479}.Debug|x86.ActiveCfg = Debug|Win32
		{324C5F61-6436-4FEE-82FB-34CB0B3F7479}.Debug|x86.Build.0 = Debug|Win32
		{324C5F61-6436-4FEE-82FB-34CB0B3F7479}.Release|x64.ActiveCfg = Release|x64
		{324C5F61-6436-4FEE-82FB-34CB0B3F7479}.Release|x64.Build.0 = Release|x64
		{324C5F61-6436-4FEE-82FB-34CB0B3F7479}.Release|x86.ActiveCfg = Release|Win32
		{324C5F61-6436-4FEE-82FB-34CB0B3F7479}.Release|x86.Build.0 = Release|Win32
		{B38D455D-02E6-43B0-BD3A-DF3F133EC939}.Debug|x64.ActiveCfg = Debug|x64
		{B38D455D-02E6-43B0-BD3A-DF3F133EC939}.Debug|x64.Build.0 = Debug|x64
		{B38D455D-02E6-43B0-BD3A-DF3F133EC939}.Debug|x86.ActiveCfg = Debug|Win32
		{B38D455D-02E6-43B0-BD3A-DF3F133EC939}.Debug|x86.Build.0 = Debug|Win32
		{B38D455D-02E6-43B0-BD3A-DF3F133EC939}.Release|x64.ActiveCfg = Release|x64
		{B38D455D-02E6-43B0-BD3A-DF3F133EC939}.Release|x64.Build.0 = Release|x64
		{B38D455D-02E6-43B0-BD3A-DF3F133EC939}.Release|x86.ActiveCfg = Release|Win32
		{B38D455D-02E6-43B0-BD3A-DF3F133EC939}.Release|x86.Build.0 = Release|Win32
		{6860A914-EE91-47AA-AF9D-83CB9BD578D3}.Debug|x64.ActiveCfg = Debug|x64
		{6860A914-EE91-47AA-AF9D-83CB9BD578D3}.Debug|x64.Build.0 = Debug|x64
		{6860A914-EE91-47AA-AF9D-83CB9BD578D3}.Debug|x86.ActiveCfg = Debug|Win32
		{6860A914-EE91-47AA-AF9D-83CB9BD578D3}.Debug|x86.Build.0 = Debug|Win32
		{6860A914-EE91-47AA-AF9D-83CB9BD578D3}.Release|x64.ActiveCfg = Release|x64
		{6860A914-EE91-47AA-AF9D-83CB9BD578D3}.Release|x64.Build.0 = Release|x64
		{6860A914-EE91-47AA-AF9D-83CB9BD578D3}.Release|x86.ActiveCfg = Release|Win32
		{6860A914-EE91-47AA-AF9D-83CB9BD578D3}.Release|x86.Build.0 = Release|Win32
		{326A812D-9CCE-4398-A056-F438938EAB2E}.Debug|x64.ActiveCfg = Debug|x64
		{326A812D-9CCE-4398-A056-F438938EAB2E}.Debug|x64.Build.0 = Debug|x64
		{326A812D-9CCE-4398-A056-F438938EAB2E}.Debug|x86.ActiveCfg = Debug|Win32
		{326A812D-9CCE-4398-A056-F438938EAB2E}.Debug|x86.Build.0 = Debug|Win32
		{326A812D-9CCE-4398-A056-F438938EAB2E}.Release|x64.ActiveCfg = Release|x64
		{326A812D-9CCE-4398-A056-F438938EAB2E}.Release|x64.Build.0 = Release|x64
		{326A812D-9CCE-4398-A056-F438938EAB2E}.Release|x86.ActiveCfg = Release|Win32
		{326A812D-9CCE-4398-A056-F438938EAB2E}.Release|x86.Build.0 = Release|Win32
		{67BF2065-29E8-4EEF-8733-9DE6E0F746CB}.Debug|x64.ActiveCfg = Debug|x64
		{67BF2065-29E8-4EEF-8733-9DE6E0F746CB}.Debug|x64.Build.0 = Debug|x64
		{67BF2065-29E8-4EEF-8733-9DE6E0F746CB}.Debug|x86.ActiveCfg = Debug|Win32
		{67BF2065-29E8-4EEF-8733-9DE6E0F746CB}.Debug|x86.Build.0 = Debug|Win32
		{67BF2065-29E8-4EEF-8733-9DE6E0F746CB}.Release|x64.ActiveCfg = Release|x64
		{67BF2065-29E8-4EEF-8733-9DE6E0F746CB}.Release|x64.Build.0 = Release|x64
		{67BF2065-29E8-4EEF-8733-9DE6E0F746CB}.Release|x86.ActiveCfg = Release|Win32
		{67BF2065-29E8-4EEF-8733-9DE6E0F746CB}.Release|x86.Build.0 = Release|Win32
		{F088B6C4-205B-45C4-955C-15C2A50B7E7D}.Debug|x64.ActiveCfg = Debug|x64
		{F088B6C4-205B-45C4-955C-15C2A50B7E7D}.Debug|x64.Build.0 = Debug|x64
		{F088B6C4-205B-45C4-955C-15C2A50B7E7D}.Debug|x86.ActiveCfg = Debug|Win32
		{F088B6C4-205B-45C4-955C-15C2A50B7E7D}.Debug|x86.Build.0 = Debug|Win32
		{F088B6C4-205B-45C4-955C-15C2A50B7E7D}.Release|x64.ActiveCfg = Release|x64
		{F088B6C4-205B-45C4-955C-15C2A50B7E7D}.Release|x64.Build.0 = Release|x64
		{F088B6C4-205B-45C4-955C-15C2A50B7E7D}.Release|x86.ActiveCfg = Release|Win32
		{F088B6C4-205B-45C4-955C-15C2A50B7E7D}.Release|x86.Build.0 = Release|Win32
		{95854827-CD18-40AA-914E-8CDA4CC6AD07}.Debug|x64.ActiveCfg = Debug|x64
		{95854827-CD18-40AA-914E-8CDA4CC6AD07}.Debug|x64.Build.0 = Debug|x64
		{95854827-CD18-40AA-914E-8CDA4CC6AD07}.Debug|x86.ActiveCfg = Debug|Win32
		{95854827-CD18-40AA-914E-8CDA4CC6AD07}.Debug|x86.Build.0 = Debug|Win32
		{95854827-CD18-40AA-914E-8CDA4CC6AD07}.Release|x64.ActiveCfg = Release|x64
		{95854827-CD18-40AA-914E-8CDA4CC6AD07}.Release|x64.Build.0 = Release|x64
		{95854827-CD18-40AA-914E-8CDA4CC6AD07}.Release|x86.ActiveCfg = Release|Win32
		{95854827-CD18-40AA-914E-8CDA4CC6AD07}.Release|x86.Build.0 = Release|Win32
		{C144BBC5-6CB0-4EFA-A354-2D18278B66D0}.Debug|x64.ActiveCfg = Debug|x64
		{C144BBC5-6CB0-4EFA-A354-2D18278B66D0}.Debug|x64.Build.0 = Debug|x64
		{C144BBC5-6CB0-4EFA-A354-2D18278B66D0}.Debug|x86.ActiveCfg = Debug|Win32
		{C144BBC5-6CB0-4EFA-A354-2D18278B66D0}.Debug|x86.Build.0 = Debug|Win32
		{C144BBC5-6CB0-4EFA-A354-2D18278B66D0}.Release|x64.ActiveCfg = Release|x64
		{C144BBC5-6CB0-4EFA-A354-2D18278B66D0}.Release|x64.Build.0 = Release|x64
		{C144BBC5-6CB0-4EFA-A354-2D18278B66D0}.Release|x86.ActiveCfg = Release|Win32
		{C144BBC5-6CB0-4EFA-A354-2D18278B66D0}.Release|x86.Build.0 = Release|Win32
		{799EA4D8-AA8A-43BA-B9FE-940F5A129BBE}.Debug|x64.ActiveCfg = Debug|x64
		{799EA4D8-AA8A-43BA-B9FE-940F5A129BBE}.Debug|x64.Build.0 = Debug|x64
		{799EA4D8-AA8A-43BA-B9FE-940F5A129BBE}.Debug|x86.ActiveCfg = Debug|Win32
		{799EA4D8-AA8A-43BA-B9FE-940F5A129BBE}.Debug|x86.Build.0 = Debug|Win32
		{799EA4D8-AA8A-43BA-B9FE-940F5A129BBE}.Release|x64.ActiveCfg = Release|x64
		{799EA4D8-AA8A-43BA-B9FE-940F5A129BBE}.Release|x64.Build.0 = Release|x64
		{799EA4D8-AA8A-43BA-B9FE-940F5A129BBE}.Release|x86.ActiveCfg = Release|Win32
		{799EA4D8-AA8A-43BA-B9FE-940F5A129BBE}.Release|x86.Build.0 = Release|Win32
		{65782531-9857-4B45-814F-C14D45FE032D}.Debug|x64.ActiveCfg = Debug|x64
		{65782531-9857-4B45-814F-C14D45FE032D}.Debug|x64.Build.0 = Debug|x64
		{65782531-9857-4B45-814F-C14D45FE032D}.Debug|x86.ActiveCfg = Debug|Win32
		{65782531-9857-4B45-814F-C14D45FE032D}.Debug|x86.Build.0 = Debug|Win32
		{65782531-9857-4B45-814F-C14D45FE032D}.Release|x64.ActiveCfg = Release|x64
		{65782531-9857-4B45-814F-C14D45FE032D}.Release|x64.Build.0 = Release|x64
		{65782531-9857-4B45-814F-C14D45FE032D}.Release|x86.ActiveCfg = Release|Win32
		{65782531-9857-4B45-814F-C14D45FE032D}.Release|x86.Build.0 = Release|Win32
		{67815FE6-483B-48EA-8A52-AF166E9FA75F}.Debug|x64.ActiveCfg = Debug|x64
		{67815FE6-483B-48EA-8A52-AF166E9FA75F}.Debug|x64.Build.0 = Debug|x64
		{67815FE6-483B-48EA-8A52-AF166E9FA75F}.Debug|x86.ActiveCfg = Debug|Win32
		{67815FE6-483B-48EA-8A52-AF166E9FA75F}.Debug|x86.Build.0 = Debug|Win32
		{67815FE6-483B-48EA-8A52-AF166E9FA75F}.Release|x64.ActiveCfg = Release|x64
		{67815FE6-483B-48EA-8A52-AF166E9FA75F}.Release|x64.Build.0 = Release|x64
		{67815FE6-483B-48EA-8A52-AF166E9FA75F}.Release|x86.ActiveCfg = Release|Win32
		{67815FE6-483B-48EA-8A52-AF166E9FA75F}.Release|x86.Build.0 = Release|Win32
		{0783C51E-097A-4EB4-B802-7D58D9BA947C}.Debug|x64.ActiveCfg = Debug|x64
		{0783C51E-097A-4EB4-B802-7D58D9BA947C}.Debug|x64.Build.0 = Debug|x64
		{0783C51E-097A-4EB4-B802-7D58D9BA947C}.Debug|x86.ActiveCfg = Debug|Win32
		{0783C51E-097A-4EB4-B802-7D58D9BA947C}.Debug|x86.Build.0 = Debug|Win32
		{0783C51E-097A-4EB4-B802-7D58D9BA947C}.Release|x64.ActiveCfg = Release|x64
		{0783C51E-097A-4EB4-B802-7D58D9BA947C}.Release|x64.Build.0 = Release|x64
		{0783C51E-097A-4EB4-B802-7D58D9BA947C}.Release|x86.ActiveCfg = Release|Win32
		{0783C51E-097A-4EB4-B802-7D58D9BA947C}.Release|x86.Build.0 = Release|Win32
		{6BA8BB87-F6E8-4497-BAA3-B3A7073F8FFB}.Debug|x64.ActiveCfg = Debug|x64
		{6BA8BB87-F6E8-4497-BAA3-B3A7073F8FFB}.Debug|x64.Build.0 = Debug|x64
		{6BA8BB87-F6E8-4497-BAA3-B3A7073F8FFB}.Debug|x86.ActiveCfg = Debug|Win32
		{6BA8BB87-F6E8-4497-BAA3-B3A7073F8FFB}.Debug|x86.Build.0 = Debug|Win32
		{6BA8BB87-F6E8-4497-BAA3-B3A7073F8FFB}.Release|x64.ActiveCfg = Release|x64
		{6BA8BB87-F6E8-4497-BAA3-B3A7073F8FFB}.Release|x64.Build.0 = Release|x64
		{6BA8BB87-F6E8-4497-BAA3-B3A7073F8FFB}.Release|x86.ActiveCfg = Release|Win32
		{6BA8BB87-F6E8-4497-BAA3-B3A7073F8FFB}.Release|x86.Build.0 = Release|Win32
		{0966D3A3-0DEB-4238-9B25-578581A534FD}.Debug|x64.ActiveCfg = Debug|x64
		{0966D3A3-0DEB-4238-9B25-578581A534FD}.Debug|x64.Build.0 = Debug|x64
		{0966D3A3-0DEB-4238-9B25-578581A534FD}.Debug|x86.ActiveCfg = Debug|Win32
		{0966D3A3-0DEB-4238-9B25-578581A534FD}.Debug|x86.Build.0 = Debug|Win32
		{0966D3A3-0DEB-4238-9B25-578581A534FD}.Release|x64.ActiveCfg = Release|x64
		{0966D3A3-0DEB-4238-9B25-578581A534FD}.Release|x64.Build.0 = Release|x64
		{0966D3A3-0DEB-4238-9B25-578581A534FD}.Release|x86.ActiveCfg = Release|Win32
		{0966D3A3-0DEB-4238-9B25-578581A534FD}.Release|x86.Build.0 = Release|Win32
		{0300A0B0-89AE-4B0D-8BF7-0DDE34F39C4C}.Debug|x64.ActiveCfg = Debug|x64
		{0300A0B0-89AE-4B0D-8BF7-0DDE34F39C4C}.Debug|x64.Build.0 = Debug|x64
		{0300A0B0-89AE-4B0D-8BF7-0DDE34F39C4C}.Debug|x86.ActiveCfg = Debug|Win32
		{0300A0B0-89AE-4B0D-8BF7-0DDE34F39C4C}.Debug|x86.Build.0 = Debug|Win32
		{0300A0B0-89AE-4B0D-8BF7-0DDE34F39C4C}.Release|x64.ActiveCfg = Release|x64
		{0300A0B0-89AE-4B0D-8BF7-0DDE34F39C4C}.Release|x64.Build.0 = Release|x64
		{0300A0B0-89AE-4B0D-8BF7-0DDE34F39C4C}.Release|x86.ActiveCfg = Release|Win32
		{0300A0B0-89AE-4B0D-8BF7-0DDE34F39C4C}.Release|x86.Build.0 = Release|Win32
		{38071BD5-16DA-4CD1-A84A-30E3F744A814}.Debug|x64.ActiveCfg = Debug|x64
		{38071BD5-16DA-4CD1-A84A-30E3F744A814}.Debug|x64.Build.0 = Debug|x64
		{38071BD5-16DA-4CD1-A84A-30E3F744A814}.Debug|x86.ActiveCfg = Debug|Win32
		{38071BD5-16DA-4CD1-A84A-30E3F744A814}.Debug|x86.Build.0 = Debug|Win32
		{38071BD5-16DA-4CD1-A84A-30E3F744A814}.Release|x64.ActiveCfg = Release|x64
		{38071BD5-16DA-4CD1-A84A-30E3F744A814}.Release|x64.Build.0 = Release|x64
		{38071BD5-16DA-4CD1-A84A-30E3F744A814}.Release|x86.ActiveCfg = Release|Win32
		{38071BD5-16DA-4CD1-A84A-30E3F744A814}.Release|x86.Build.0 = Release|Win32
		{04454BBB-5E0B-4D62-AA86-24174E9C2FB2}.Debug|x64.ActiveCfg = Debug|x64
		{04454BBB-5E0B-4D62-AA86-24174E9C2FB2}.Debug|x64.Build.0 = Debug|x64
		{04454BBB-5E0B-4D62-AA86-24174E9C2FB2}.Debug|x86.ActiveCfg = Debug|Win32
		{04454BBB-5E0B-4D62-AA86-24174E9C2FB2}.Debug|x86.Build.0 = Debug|Win32
		{04454BBB-5E0B-4D62-AA86-24174E9C2FB2}.Release|x64.ActiveCfg = Release|x64
		{04454BBB-5E0B-4D62-AA86-24174E9C2FB2}.Release|x64.Build.0 = Release|x64
		{04454BBB-5E0B-4D62-AA86-24174E9C2FB2}.Release|x86.ActiveCfg = Release|Win32
		{04454BBB-5E0B-4D62-AA86-24174E9C2FB2}.Release|x86.Build.0 = Release|Win32
		{CAB81088-3B26-4FCE-B011-17548B4D169E}.Debug|x64.ActiveCfg = Debug|x64
		{CAB81088-3B26-4FCE-B011-17548B4D169E}.Debug|x64.Build.0 = Debug|x64
		{CAB81088-3B26-4FCE-B011-17548B4D169E}.Debug|x86.ActiveCfg = Debug|Win32
		{CAB81088-3B26-4FCE-B011-17548B4D169E}.Debug|x86.Build.0 = Debug|Win32
		{CAB81088-3B26-4FCE-B011-17548B4D169E}.Release|x64.ActiveCfg = Release|x64
		{CAB81088-3B26-4FCE-B011-17548B4D169E}.Release|x64.Build.0 = Release|x64
		{CAB81088-3B26-4FCE-B011-17548B4D169E}.Release|x86.ActiveCfg = Release|Win32
		{CAB81088-3B26-4FCE-B011-17548B4D169E}.Release|x86.Build.0 = Release|Win32
		{0D740326-AFF5-4064-A9AB-486CC504E898}.Debug|x64.ActiveCfg = Debug|x64
		{0D740326-AFF5-4064-A9AB-486CC504E898}.Debug|x64.Build.0 = Debug|x64
		{0D740326-AFF5-4064-A9AB-486CC504E898}.Debug|x86.ActiveCfg = Debug|Win32
		{0D740326-AFF5-4064-A9AB-486CC504E898}.Debug|x86.Build.0 = Debug|Win32
		{0D740326-AFF5-4064-A9AB-486CC504E898}.Release|x64.ActiveCfg = Release|x64
		{0D740326-AFF5-4064-A9AB-486CC504E898}.Release|x64.Build.0 = Release|x64
		{0D740326-AFF5-4064-A9AB-486CC504E898}.Release|x86.ActiveCfg = Release|Win32
		{0D740326-AFF5-4064-A9AB-486CC504E898}.Release|x86.Build.0 = Release|Win32
		{B5931D24-CED0-48E4-A4E9-F0BED09E9D39}.Debug|x64.ActiveCfg = Debug|x64
		{B5931D24-CED0-48E4-A4E9-F0BED09E9D39}.Debug|x64.Build.0 = Debug|x64
		{B5931D24-CED0-48E4-A4E9-F0BED09E9D39}.Debug|x86.ActiveCfg = Debug|Win32
		{B5931D24-CED0-48E4-A4E9-F0BED09E9D39}.Debug|x86.Build.0 = Debug|Win32
		{B5931D24-CED0-48E4-A4E9-F0BED09E9D39}.Release|x64.ActiveCfg = Release|x64
		{B5931D24-CED0-48E4-A4E9-F0BED09E9D39}.Release|x64.Build.0 = Release|x64
		{B5931D24-CED0-48E4-A4E9-F0BED09E9D39}.Release|x86.ActiveCfg = Release|Win32
		{B5931D24-CED0-48E4-A4E9-F0BED09E9D39}.Release|x86.Build.0 = Release|Win32
		{6ACFF525-A269-40EA-BF5D-CEAA2F5A447C}.Debug|x64.ActiveCfg = Debug|x64
		{6ACFF525-A269-40EA-BF5D-CEAA2F5A447C}.Debug|x64.Build.0 = Debug|x64
		{6ACFF525-A269-40EA-BF5D-CEAA2F5A447C}.Debug|x86.ActiveCfg = Debug|Win32
		{6ACFF525-A269-40EA-BF5D-CEAA2F5A447C}.Debug|x86.Build.0 = Debug|Win32
		{6ACFF525-A269-40EA-BF5D-CEAA2F5A447C}.Release|x64.ActiveCfg = Release|x64
		{6ACFF525-A269-40EA-BF5D-CEAA2F5A447C}.Release|x64.Build.0 = Release|x64
		{6ACFF525-A269-40EA-BF5D-CEAA2F5A447C}.Release|x86.ActiveCfg = Release|Win32
		{6ACFF525-A269-40EA-BF5D-CEAA2F5A447C}.Release|x86.Build.0 = Release|Win32
		{01991179-AF97-4708-A3A4-A4CA1B052224}.Debug|x64.ActiveCfg = Debug|x64
		{01991179-AF97-4708-A3A4-A4CA1B052224}.Debug|x64.Build.0 = Debug|x64
		{01991179-AF97-4708-A3A4-A4CA1B052224}.Debug|x86.ActiveCfg = Debug|Win32
		{01991179-AF97-4708-A3A4-A4CA1B052224}.Debug|x86.Build.0 = Debug|Win32
		{01991179-AF97-4708-A3A4-A4CA1B052224}.Release|x64.ActiveCfg = Release|x64
		{01991179-AF97-4708-A3A4-A4CA1B052224}.Release|x64.Build.0 = Release|x64
		{01991179-AF97-4708-A3A4-A4CA1B052224}.Release|x86.ActiveCfg = Release|Win32
		{01991179-AF97-4708-A3A4-A4CA1B052224}.Release|x86.Build.0 = Release|Win32
		{DC6819B6-82A5-408B-9E70-4A520BCD9106}.Debug|x64.ActiveCfg = Debug|x64
		{DC6819B6-82A5-408B-9E70-4A520BCD9106}.Debug|x64.Build.0 = Debug|x64
		{DC6819B6-82A5-408B-9E70-4A520BCD9106}.Debug|x86.ActiveCfg = Debug|Win32
		{DC6819B6-82A5-408B-9E70-4A520BCD9106}.Debug|x86.Build.0 = Debug|Win32
		{DC6819B6-82A5-408B-9E70-4A520BCD9106}.Release|x64.ActiveCfg = Release|x64
		{DC6819B6-82A5-408B-9E70-4A520BCD9106}.Release|x64.Build.0 = Release|x64
		{DC6819B6-82A5-408B-9E70-4A520BCD9106}.Release|x86.ActiveCfg = Release|Win32
		{DC6819B6-82A5-408B-9E70-4A520BCD9106}.Release|x86.Build.0 = Release|Win32
		{3AB7422A-1E57-4A57-ADDC-97CC18DA7BB9}.Debug|x64.ActiveCfg = Debug|x64
		{3AB7422A-1E57-4A57-ADDC-97CC18DA7BB9}.Debug|x64.Build.0 = Debug|x64
		{3AB7422A-1E57-4A57-ADDC-97CC18DA7BB9}.Debug|x86.ActiveCfg = Debug|Win32
		{3AB7422A-1E57-4A57-ADDC-97CC18DA7BB9}.Debug|x86.Build.0 = Debug|Win32
		{3AB7422A-1E57-4A57-ADDC-97CC18DA7BB9}.Release|x64.ActiveCfg = Release|x64
		{3AB7422A-1E57-4A57-ADDC-97CC18DA7BB9}.Release|x64.Build.0 = Release|x64
		{3AB7422A-1E57-4A57-ADDC-97CC18DA7BB9}.Release|x86.ActiveCfg = Release|Win32
		{3AB7422A-1E57-4A57-ADDC-97CC18DA7BB9}.Release|x86.Build.0 = Release|Win32
		{7C2ADE4D-3ECC-49F6-9A2F-0B0EC77E7756}.Debug|x64.ActiveCfg = Debug|x64
		{7C2ADE4D-3ECC-49F6-9A2F-0B0EC77E7756}.Debug|x64.Build.0 = Debug|x64
		{7C2ADE4D-3ECC-49F6-9A2F-0B0EC77E7756}.Debug|x86.ActiveCfg = Debug|Win32
		{7C2ADE4D-3ECC-49F6-9A2F-0B0EC77E7756}.Debug|x86.Build.0 = Debug|Win32
		{7C2ADE4D-3ECC-49F6-9A2F-0B0EC77E7756}.Release|x64.ActiveCfg = Release|x64
		{7C2ADE4D-3ECC-49F6-9A2F-0B0EC77E7756}.Release|x64.Build.0 = Release|x64
		{7C2ADE4D-3ECC-49F6-9A2F-0B0EC77E7756}.Release|x86.ActiveCfg = Release|Win32
		{7C2ADE4D-3ECC-49F6-9A2F-0B0EC77E7756}.Release|x86.Build.0 = Release|Win32
		{FD08FB07-A3BB-4510-8CF1-1CCA0247F640}.Debug|x64.ActiveCfg = Debug|x64
		{FD08FB07-A3BB-4510-8CF1-1CCA0247F640}.Debug|x64.Build.0 = Debug|x64
		{FD08FB07-A3BB-4510-8CF1-1CCA0247F640}.Debug|x86.ActiveCfg = Debug|Win32
		{FD08FB07-A3BB-4510-8CF1-1CCA0247F640}.Debug|x86.Build.0 = Debug|Win32
		{FD08FB07-A3BB-4510-8CF1-1CCA0247F640}.Release|x64.ActiveCfg = Release|x64
		{FD08FB07-A3BB-4510-8CF1-1CCA0247F640}.Release|x64.Build.0 = Release|x64
		{FD08FB07-A3BB-4510-8CF1-1CCA0247F640}.Release|x86.ActiveCfg = Release|Win32
		{FD08FB07-A3BB-4510-8CF1-1CCA0247F640}.Release|x86.Build.0 = Release|Win32
		{67205303-95D3-456E-8ADD-5B6B6A29262D}.Debug|x64.ActiveCfg = Debug|x64
		{67205303-95D3-456E-8ADD-5B6B6A29262D}.Debug|x64.Build.0 = Debug|x64
		{67205303-95D3-456E-8ADD-5B6B6A29262D}.Debug|x86.ActiveCfg = Debug|Win32
		{67205303-95D3-456E-8ADD-5B6B6A29262D}.Debug|x86.Build.0 = Debug|Win32
		{67205303-95D3-456E-8ADD-5B6B6A29262D}.Release|x64.ActiveCfg = Release|x64
		{67205303-95D3-456E-8ADD-5B6B6A29262D}.Release|x64.Build.0 = Release|x64
		{67205303-95D3-456E-8ADD-5B6B6A29262D}.Release|x86.ActiveCfg = Release|Win32
		{67205303-95D3-456E-8ADD-5B6B6A29262D}.Release|x86.Build.0 = Release|Win32
		{E669C6D0-784A-4B60-A6C5-D68BEEB0AF9E}.Debug|x64.ActiveCfg = Debug|x64
		{E669C6D0-784A-4B60-A6C5-D68BEEB0AF9E}.Debug|x64.Build.0 = Debug|x64
		{E669C6D0-784A-4B60-A6C5-D68BEEB0AF9E}.Debug|x86.ActiveCfg = Debug|Win32
		{E669C6D0-784A-4B60-A6C5-D68BEEB0AF9E}.Debug|x86.Build.0 = Debug|Win32
		{E669C6D0-784A-4B60-A6C5-D68BEEB0AF9E}.Release|x64.ActiveCfg = Release|x64
		{E669C6D0-784A-4B60-A6C5-D68BEEB0AF9E}.Release|x64.Build.0 = Release|x64
		{E669C6D0-784A-4B60-A6C5-D68BEEB0AF9E}.Release|x86.ActiveCfg = Release|Win32
		{E669C6D0-784A-4B60-A6C5-D68BEEB0AF9E}.Release|x86.Build.0 = Release|Win32
		{7C814C6D-EDF1-4698-90A0-8158F3E3124A}.Debug|x64.ActiveCfg = Debug|x64
		{7C814C6D-EDF1-4698-90A0-8158F3E3124A}.Debug|x64.Build.0 = Debug|x64
		{7C814C6D-EDF1-4698-90A0-8158F3E3124A}.Debug|x86.ActiveCfg = Debug|Win32
		{7C814C6D-EDF1-4698-90A0-8158F3E3124A}.Debug|x86.Build.0 = Debug|Win32
		{7C814C6D-EDF1-4698-90A0-8158F3E3124A}.Release|x64.ActiveCfg = Release|x64
		{7C814C6D-EDF1-4698-90A0-8158F3E3124A}.Release|x64.Build.0 = Release|x64
		{7C814C6D-EDF1-4698-90A0-8158F3E3124A}.Release|x86.ActiveCfg = Release|Win32
		{7C814C6D-EDF1-4698-90A0-8158F3E3124A}.Release|x86.Build.0 = Release|Win32
		{E6C703C5-A78A-4A74-BC6D-C1C096A0B627}.Debug|x64.ActiveCfg = Debug|x64
		{E6C703C5-A78A-4A74-BC6D-C1C096A0B627}.Debug|x64.Build.0 = Debug|x64
		{E6C703C5-A78A-4A74-BC6D-C1C096A0B627}.Debug|x86.ActiveCfg = Debug|Win32
		{E6C703C5-A78A-4A74-BC6D-C1C096A0B627}.Debug|x86.Build.0 = Debug|Win32
		{E6C703C5-A78A-4A74-BC6D-C1C096A0B627}.Release|x64.ActiveCfg = Release|x64
		{E6C703C5-A78A-4A74-BC6D-C1C096A0B627}.Release|x64.Build.0 = Release|x64
		{E6C703C5-A78A-4A74-BC6D-C1C096A0B627}.Release|x86.ActiveCfg = Release|Win32
		{E6C703C5-A78A-4A74-BC6D-C1C096A0B627}.Release|x86.Build.0 = Release|Win32
		{0CAFE2FA-B5E0-4DE3-BF74-9182E608F03F}.Debug|x64.ActiveCfg = Debug|x64
		{0CAFE2FA-B5E0-4DE3-BF74-9182E608F03F}.Debug|x64.Build.0 = Debug|x64
		{0CAFE2FA-B5E0-4DE3-BF74-9182E608F03F}.Debug|x86.ActiveCfg = Debug|Win32
		{0CAFE2FA-B5E0-4DE3-BF74-9182E608F03F}.Debug|x86.Build.0 = Debug|Win32
		{0CAFE2FA-B5E0-4DE3-BF74-9182E608F03F}.Release|x64.ActiveCfg = Release|x64
		{0CAFE2FA-B5E0-4DE3-BF74-9182E608F03F}.Release|x64.Build.0 = Release|x64
		{0CAFE2FA-B5E0-4DE3-BF74-9182E608F03F}.Release|x86.ActiveCfg = Release|Win32
		{0CAFE2FA-B5E0-4DE3-BF74-9182E608F03F}.Release|x86.Build.0 = Release|Win32
		{9582965F-354E-44A2-8DC5-31343B3426BD}.Debug|x64.ActiveCfg = Debug|x64
		{9582965F-354E-44A2-8DC5-31343B3426BD}.Debug|x64.Build.0 = Debug|x64
		{9582965F-354E-44A2-8DC5-31343B3426BD}.Debug|x86.ActiveCfg = Debug|Win32
		{9582965F-354E-44A2-8DC5-31343B3426BD}.Debug|x86.Build.0 = Debug|Win32
		{9582965F-354E-44A2-8DC5-31343B3426BD}.Release|x64.ActiveCfg = Release|x64
		{9582965F-354E-44A2-8DC5-31343B3426BD}.Release|x64.Build.0 = Release|x64
		{9582965F-354E-44A2-8DC5-31343B3426BD}.Release|x86.ActiveCfg = Release|Win32
		{9582965F-354E-44A2-8DC5-31343B3426BD}.Release|x86.Build.0 = Release|Win32
		{C0A158C7-366E-4955-95D3-08F14A168D1F}.Debug|x64.ActiveCfg = Debug|x64
		{C0A158C7-366E-4955-95D3-08F14A168D1F}.Debug|x64.Build.0 = Debug|x64
		{C0A158C7-366E-4955-95D3-08F14A168D1F}.Debug|x86.ActiveCfg = Debug|Win32
		{C0A158C7-366E-4955-95D3-08F14A168D1F}.Debug|x86.Build.0 = Debug|Win32
		{C0A158C7-366E-4955-95D3-08F14A168D1F}.Release|x64.ActiveCfg = Release|x64
		{C0A158C7-366E-4955-95D3-08F14A168D1F}.Release|x64.Build.0 = Release|x64
		{C0A158C7-366E-4955-95D3-08F14A168D1F}.Release|x86.ActiveCfg = Release|Win32
		{C0A158C7-366E-4955-95D3-08F14A168D1F}.Release|x86.Build.0 = Release|Win32
		{711941FE-873A-4875-A8D4-0E45483F5F84}.Debug|x64.ActiveCfg = Debug|x64
		{711941FE-873A-4875-A8D4-0E45483F5F84}.Debug|x64.Build.0 = Debug|x64
		{711941FE-873A-4875-A8D4-0E45483F5F84}.Debug|x86.ActiveCfg = Debug|Win32
		{711941FE-873A-4875-A8D4-0E45483F5F84}.Debug|x86.Build.0 = Debug|Win32
		{711941FE-873A-4875-A8D4-0E45483F5F84}.Release|x64.ActiveCfg = Release|x64
		{711941FE-873A-4875-A8D4-0E45483F5F84}.Release|x64.Build.0 = Release|x64
		{711941FE-873A-4875-A8D4-0E45483F5F84}.Release|x86.ActiveCfg = Release|Win32
		{711941FE-873A-4875-A8D4-0E45483F5F84}.Release|x86.Build.0 = Release|Win32
		{655F42C2-B2DD-458A-93C5-AD582DFDE031}.Debug|x64.ActiveCfg = Debug|x64
		{655F42C2-B2DD-458A-93C5-AD582DFDE031}.Debug|x64.Build.0 = Debug|x64
		{655F42C2-B2DD-458A-93C5-AD582DFDE031}.Debug|x86.ActiveCfg = Debug|Win32
		{655F42C2-B2DD-458A-93C5-AD582DFDE031}.Debug|x86.Build.0 = Debug|Win32
		{655F42C2-B2DD-458A-93C5-AD582DFDE031}.Release|x64.ActiveCfg = Release|x64
		{655F42C2-B2DD-458A-93C5-AD582DFDE031}.Release|x64.Build.0 = Release|x64
		{655F42C2-B2DD-458A-93C5-AD582DFDE031}.Release|x86.ActiveCfg = Release|Win32
		{655F42C2-B2DD-458A-93C5-AD582DFDE031}.Release|x86.Build.0 = Release|Win32
		{D9A8F049-009A-455F-BE18-FF30375A3F11}.Debug|x64.ActiveCfg = Debug|x64
		{D9A8F049-009A-455F-BE18-FF30375A3F11}.Debug|x64.Build.0 = Debug|x64
		{D9A8F049-009A-455F-BE18-FF30375A3F11}.Debug|x86.ActiveCfg = Debug|Win32
		{D9A8F049-009A-455F-BE18-FF30375A3F11}.Debug|x86.Build.0 = Debug|Win32
		{D9A8F049-009A-455F-BE18-FF30375A3F11}.Release|x64.ActiveCfg = Release|x64
		{D9A8F049-009A-455F-BE18-FF30375A3F11}.Release|x64.Build.0 = Release|x64
		{D9A8F049-009A-455F-BE18-FF30375A3F11}.Release|x86.ActiveCfg = Release|Win32
		{D9A8F049-009A-455F-BE18-FF30375A3F11}.Release|x86.Build.0 = Release|Win32
		{C660AB70-48D6-48DD-8742-95814F837F6E}.Debug|x64.ActiveCfg = Debug|x64
		{C660AB70-48D6-48DD-8742-95814F837F6E}.Debug|x64.Build.0 = Debug|x64
		{C660AB70-48D6-48DD-8742-95814F837F6E}.Debug|x86.ActiveCfg = Debug|Win32
		{C660AB70-48D6-48DD-8742-95814F837F6E}.Debug|x86.Build.0 = Debug|Win32
		{C660AB70-48D6-48DD-8742-95814F837F6E}.Release|x64.ActiveCfg = Release|x64
		{C660AB70-48D6-48DD-8742-95814F837F6E}.Release|x64.Build.0 = Release|x64
		{C660AB70-48D6-48DD-8742-95814F837F6E}.Release|x86.ActiveCfg = Release|Win32
		{C660AB70-48D6-48DD-8742-95814F837F6E}.Release|x86.Build.0 = Release|Win32
		{F3DF0900-5BB2-4985-A1EC-637A0C10C2CE}.Debug|x64.ActiveCfg = Debug|x64
		{F3DF0900-5BB2-4985-A1EC-637A0C10C2CE}.Debug|x64.Build.0 = Debug|x64
		{F3DF0900-5BB2-4985-A1EC-637A0C10C2CE}.Debug|x86.ActiveCfg = Debug|Win32
		{F3DF0900-5BB2-4985-A1EC-637A0C10C2CE}.Debug|x86.Build.0 = Debug|Win32
		{F3DF0900-5BB2-4985-A1EC-637A0C10C2CE}.Release|x64.ActiveCfg = Release|x64
		{F3DF0900-5BB2-4985-A1EC-637A0C10C2CE}.Release|x64.Build.0 = Release|x64
		{F3DF0900-5BB2-4985-A1EC-637A0C10C2CE}.Release|x86.ActiveCfg = Release|Win32
		{F3DF0900-5BB2-4985-A1EC-637A0C10C2CE}.Release|x86.Build.0 = Release|Win32
		{43945BE6-1054-42B2-A716-329F661250E5}.Debug|x64.ActiveCfg = Debug|x64
		{43945BE6-1054-42B2-A716-329F661250E5}.Debug|x64.Build.0 = Debug|x64
		{43945BE6-1054-42B2-A716-329F661250E5}.Debug|x86.ActiveCfg = Debug|Win32
		{43945BE6-1054-42B2-A716-329F661250E5}.Debug|x86.Build.0 = Debug|Win32
		{43945BE6-1054-42B2-A716-329F661250E5}.Release|x64.ActiveCfg = Release|x64
		{43945BE6-1054-42B2-A716-329F661250E5}.Release|x64.Build.0 = Release|x64
		{43945BE6-1054-42B2-A716-329F661250E5}.Release|x86.ActiveCfg = Release|Win32
		{43945BE6-1054-42B2-A716-329F661250E5}.Release|x86.Build.0 = Release|Win32
		{A11AE570-5A3B-4278-982F-87FDFFF697A4}.Debug|x64.ActiveCfg = Debug|x64
		{A11AE570-5A3B-4278-982F-87FDFFF697A4}.Debug|x64.Build.0 = Debug|x64
		{A11AE570-5A3B-4278-982F-87FDFFF697A4}.Debug|x86.ActiveCfg = Debug|Win32
		{A11AE570-5A3B-4278-982F-87FDFFF697A4}.Debug|x86.Build.0 = Debug|Win32
		{A11AE570-5A3B-4278-982F-87FDFFF697A4}.Release|x64.ActiveCfg = Release|x64
		{A11AE570-5A3B-4278-982F-87FDFFF697A4}.Release|x64.Build.0 = Release|x64
		{A11AE570-5A3B-4278-982F-87FDFFF697A4}.Release|x86.ActiveCfg = Release|Win32
		{A11AE570-5A3B-4278-982F-87FDFFF697A4}.Release|x86.Build.0 = Release|Win32
		{B6792359-EE88-49CE-984F-9C98BB0F7108}.Debug|x64.ActiveCfg = Debug|x64
		{B6792359-EE88-49CE-984F-9C98BB0F7108}.Debug|x64.Build.0 = Debug|x64
		{B6792359-EE88-49CE-984F-9C98BB0F7108}.Debug|x86.ActiveCfg = Debug|Win32
		{B6792359-EE88-49CE-984F-9C98BB0F7108}.Debug|x86.Build.0 = Debug|Win32
		{B6792359-EE88-49CE-984F-9C98BB0F7108}.Release|x64.ActiveCfg = Release|x64
		{B6792359-EE88-49CE-984F-9C98BB0F7108}.Release|x64.Build.0 = Release|x64
		{B6792359-EE88-49CE-984F-9C98BB0F7108}.Release|x86.ActiveCfg = Release|Win32
		{B6792359-EE88-49CE-984F-9C98BB0F7108}.Release|x86.Build.0 = Release|Win32
		{00791206-92AE-4494-A984-3D9235C74654}.Debug|x64.ActiveCfg = Debug|x64
		{00791206-92AE-4494-A984-3D9235C74654}.Debug|x64.Build.0 = Debug|x64
		{00791206-92AE-4494-A984-3D9235C74654}.Debug|x86.ActiveCfg = Debug|Win32
		{00791206-92AE-4494-A984-3D9235C74654}.Debug|x86.Build.0 = Debug|Win32
		{00791206-92AE-4494-A984-3D9235C74654}.Release|x64.ActiveCfg = Release|x64
		{00791206-92AE-4494-A984-3D9235C74654}.Release|x64.Build.0 = Release|x64
		{00791206-92AE-4494-A984-3D9235C74654}.Release|x86.ActiveCfg = Release|Win32
		{00791206-92AE-4494-A984-3D9235C74654}.Release|x86.Build.0 = Release|Win32
		{DE574CB1-E289-41E1-A1A4-8C9A24675EB2}.Debug|x64.ActiveCfg = Debug|x64
		{DE574CB1-E289-41E1-A1A4-8C9A24675EB2}.Debug|x64.Build.0 = Debug|x64
		{DE574CB1-E289-41E1-A1A4-8C9A24675EB2}.Debug|x86.ActiveCfg = Debug|Win32
		{DE574CB1-E289-41E1-A1A4-8C9A24675EB2}.Debug|x86.Build.0 = Debug|Win32
		{DE574CB1-E289-41E1-A1A4-8C9A24675EB2}.Release|x64.ActiveCfg = Release|x64
		{DE574CB1-E289-41E1-A1A4-8C9A24675EB2}.Release|x64.Build.0 = Release|x64
		{DE574CB1-E289-41E1-A1A4-8C9A24675EB2}.Release|x86.ActiveCfg = Release|Win32
		{DE574CB1-E289-41E1-A1A4-8C9A24675EB2}.Release|x86.Build.0 = Release|Win32
		{7770D8C0-A0AA-4E07-9EA7-AC7BBCC5F961}.Debug|x64.ActiveCfg = Debug|x64
		{7770D8C0-A0AA-4E07-9EA7-AC7BBCC5F961}.Debug|x64.Build.0 = Debug|x64
		{7770D8C0-A0AA-4E07-9EA7-AC7BBCC5F961}.Debug|x86.ActiveCfg = Debug|Win32
		{7770D8C0-A0AA-4E07-9EA7-AC7BBCC5F961}.Debug|x86.Build.0 = Debug|Win32
		{7770D8C0-A0AA-4E07-9EA7-AC7BBCC5F961}.Release|x64.ActiveCfg = Release|x64
		{7770D8C0-A0AA-4E07-9EA7-AC7BBCC5F961}.Release|x64.Build.0 = Release|x64
		{7770D8C0-A0AA-4E07-9EA7-AC7BBCC5F961}.Release|x86.ActiveCfg = Release|Win32
		{7770D8C0-A0AA-4E07-9EA7-AC7BBCC5F961}.Release|x86.Build.0 = Release|Win32
		{28633ED4-2797-4DFB-B1B1-EE4061B1B36D}.Debug|x64.ActiveCfg = Debug|x64
		{28633ED4-2797-4DFB-B1B1-EE4061B1B36D}.Debug|x64.Build.0 = Debug|x64
		{28633ED4-2797-4DFB-B1B1-EE4061B1B36D}.Debug|x86.ActiveCfg = Debug|Win32
		{28633ED4-2797-4DFB-B1B1-EE4061B1B36D}.Debug|x86.Build.0 = Debug|Win32
		{28633ED4-2797-4DFB-B1B1-EE4061B1B36D}.Release|x64.ActiveCfg = Release|x64
		{28633ED4-2797-4DFB-B1B1-EE4061B1B36D}.Release|x64.Build.0 = Release|x64
		{28633ED4-2797-4DFB-B1B1-EE4061B1B36D}.Release|x86.ActiveCfg = Release|Win32
		{28633ED4-2797-4DFB-B1B1-EE4061B1B36D}.Release|x86.Build.0 = Release|Win32
		{E5F52EA4-3D28-4AE1-8B99-2D84969536B6}.Debug|x64.ActiveCfg = Debug|x64
		{E5F52EA4-3D28-4AE1-8B99-2D84969536B6}.Debug|x64.Build.0 = Debug|x64
		{E5F52EA4-3D28-4AE1-8B99-2D84969536B6}.Debug|x86.ActiveCfg = Debug|Win32
		{E5F52EA4-3D28-4AE1-8B99-2D84969536B6}.Debug|x86.Build.0 = Debug|Win32
		{E5F52EA4-3D28-4AE1-8B99-2D84969536B6}.Release|x64.ActiveCfg = Release|x64
		{E5F52EA4-3D28-4AE1-8B99-2D84969536B6}.Release|x64.Build.0 = Release|x64
		{E5F52EA4-3D28-4AE1-8B99-2D84969536B6}.Release|x86.ActiveCfg = Release|Win32
		{E5F52EA4-3D28-4AE1-8B99-2D84969536B6}.Release|x86.Build.0 = Release|Win32
		{D62F8475-31C6-4909-93A7-9327BFF6022F}.Debug|x64.ActiveCfg = Debug|x64
		{D62F8475-31C6-4909-93A7-9327BFF6022F}.Debug|x64.Build.0 = Debug|x64
		{D62F8475-31C6-4909-93A7-9327BFF6022F}.Debug|x86.ActiveCfg = Debug|Win32
		{D62F8475-31C6-4909-93A7-9327BFF6022F}.Debug|x86.Build.0 = Debug|Win32
		{D62F8475-31C6-4909-93A7-9327BFF6022F}.Release|x64.ActiveCfg = Release|x64
		{D62F8475-31C6-4909-93A7-9327BFF6022F}.Release|x64.Build.0 = Release|x64
		{D62F8475-31C6-4909-93A7-9327BFF6022F}.Release|x86.ActiveCfg = Release|Win32
		{D62F8475-31C6-4909-93A7-9327BFF6022F}.Release|x86.Build.0 = Release|Win32
		{CBE5A79A-D79C-43DB-805B-7D3275070936}.Debug|x64.ActiveCfg = Debug|x64
		{CBE5A79A-D79C-43DB-805B-7D3275070936}.Debug|x64.Build.0 = Debug|x64
		{CBE5A79A-D79C-43DB-805B-7D3275070936}.Debug|x86.ActiveCfg = Debug|Win32
		{CBE5A79A-D79C-43DB-805B-7D3275070936}.Debug|x86.Build.0 = Debug|Win32
		{CBE5A79A-D79C-43DB-805B-7D3275070936}.Release|x64.ActiveCfg = Release|x64
		{CBE5A79A-D79C-43DB-805B-7D3275070936}.Release|x64.Build.0 = Release|x64
		{CBE5A79A-D79C-43DB-805B-7D3275070936}.Release|x86.ActiveCfg = Release|Win32
		{CBE5A79A-D79C-43DB-805B-7D3275070936}.Release|x86.Build.0 = Release|Win32
		{4FEB59E4-6CE3-4099-928A-89068A7BF21F}.Debug|x64.ActiveCfg = Debug|x64
		{4FEB59E4-6CE3-4099-928A-89068A7BF21F}.Debug|x64.Build.0 = Debug|x64
		{4FEB59E4-6CE3-4099-928A-89068A7BF21F}.Debug|x86.ActiveCfg = Debug|Win32
		{4FEB59E4-6CE3-4099-928A-89068A7BF21F}.Debug|x86.Build.0 = Debug|Win32
		{4FEB59E4-6CE3-4099-928A-89068A7BF21F}.Release|x64.ActiveCfg = Release|x64
		{4FEB59E4-6CE3-4099-928A-89068A7BF21F}.Release|x64.Build.0 = Release|x64
		{4FEB59E4-6CE3-4099-928A-89068A7BF21F}.Release|x86.ActiveCfg = Release|Win32
		{4FEB59E4-6CE3-4099-928A-89068A7BF21F}.Release|x86.Build.0 = Release|Win32
		{76F9ECAA-3CAC-436F-97E5-85B07330E3E7}.Debug|x64.ActiveCfg = Debug|x64
		{76F9ECAA-3CAC-436F-97E5-85B07330E3E7}.Debug|x64.Build.0 = Debug|x64
		{76F9ECAA-3CAC-436F-97E5-85B07330E3E7}.Debug|x86.ActiveCfg = Debug|Win32
		{76F9ECAA-3CAC-436F-97E5-85B07330E3E7}.Debug|x86.Build.0 = Debug|Win32
		{76F9ECAA-3CAC-436F-97E5-85B07330E3E7}.Release|x64.ActiveCfg = Release|x64
		{76F9ECAA-3CAC-436F-97E5-85B07330E3E7}.Release|x64.Build.0 = Release|x64
		{76F9ECAA-3CAC-436F-97E5-85B07330E3E7}.Release|x86.ActiveCfg = Release|Win32
		{76F9ECAA-3CAC-436F-97E5-85B07330E3E7}.Release|x86.Build.0 = Release|Win32
		{36A63084-3F3D-4594-B429-24066B100C50}.Debug|x64.ActiveCfg = Debug|x64
		{36A63084-3F3D-4594-B429-24066B100C50}.Debug|x64.Build.0 = Debug|x64
		{36A63084-3F3D-4594-B429-24066B100C50}.Debug|x86.ActiveCfg = Debug|Win32
		{36A63084-3F3D-4594-B429-24066B100C50}.Debug|x86.Build.0 = Debug|Win32
		{36A63084-3F3D-4594-B429-24066B100C50}.Release|x64.ActiveCfg = Release|x64
		{36A63084-3F3D-4594-B429-24066B100C50}.Release|x64.Build.0 = Release|x64
		{36A63084-3F3D-4594-B429-24066B100C50}.Release|x86.ActiveCfg = Release|Win32
		{36A63084-3F3D-4594-B429-24066B100C50}.Release|x86.Build.0 = Release|Win32
		{D48A1DA0-4937-4034-A497-B879DB1DA5D8}.Debug|x64.ActiveCfg = Debug|x64
		{D48A1DA0-4937-4034-A497-B879DB1DA5D8}.Debug|x64.Build.0 = Debug|x64
		{D48A1DA0-4937-4034-A497-B879DB1DA5D8}.Debug|x86.ActiveCfg = Debug|Win32
		{D48A1DA0-4937-4034-A497-B879DB1DA5D8}.Debug|x86.Build.0 = Debug|Win32
		{D48A1DA0-4937-4034-A497-B879DB1DA5D8}.Release|x64.ActiveCfg = Release|x64
		{D48A1DA0-4937-4034-A497-B879DB1DA5D8}.Release|x64.Build.0 = Release|x64
		{D48A1DA0-4937-4034-A497-B879DB1DA5D8}.Release|x86.ActiveCfg = Release|Win32
		{D48A1DA0-4937-4034-A497-B879DB1DA5D8}.Release|x86.Build.0 = Release|Win32
		{72801850-EFF4-48B7-B044-66E852CE036D}.Debug|x64.ActiveCfg = Debug|x64
		{72801850-EFF4-48B7-B044-66E852CE036D}.Debug|x64.Build.0 = Debug|x64
		{72801850-EFF4-48B7-B044-66E852CE036D}.Debug|x86.ActiveCfg = Debug|Win32
		{72801850-EFF4-48B7-B044-66E852CE036D}.Debug|x86.Build.0 = Debug|Win32
		{72801850-EFF4-48B7-B044-66E852CE036D}.Release|x64.ActiveCfg = Release|x64
		{72801850-EFF4-48B7-B044-66E852CE036D}.Release|x64.Build.0 = Release|x64
		{72801850-EFF4-48B7-B044-66E852CE036D}.Release|x86.ActiveCfg = Release|Win32
		{72801850-EFF4-48B7-B044-66E852CE036D}.Release|x86.Build.0 = Release|Win32
		{7280D692-6C59-42B9-8DEC-99840A1EFD71}.Debug|x64.ActiveCfg = Debug|x64
		{7280D692-6C59-42B9-8DEC-99840A1EFD71}.Debug|x64.Build.0 = Debug|x64
		{7280D692-6C59-42B9-8DEC-99840A1EFD71}.Debug|x86.ActiveCfg = Debug|Win32
		{7280D692-6C59-42B9-8DEC-99840A1EFD71}.Debug|x86.Build.0 = Debug|Win32
		{7280D692-6C59-42B9-8DEC-99840A1EFD71}.Release|x64.ActiveCfg = Release|x64
		{7280D692-6C59-42B9-8DEC-99840A1EFD71}.Release|x64.Build.0 = Release|x64
		{7280D692-6C59-42B9-8DEC-99840A1EFD71}.Release|x86.ActiveCfg = Release|Win32
		{7280D692-6C59-42B9-8DEC-99840A1EFD71}.Release|x86.Build.0 = Release|Win32
		{6810700C-9457-433C-B9EC-5B576F55BD4D}.Debug|x64.ActiveCfg = Debug|x64
		{6810700C-9457-433C-B9EC-5B576F55BD4D}.Debug|x64.Build.0 = Debug|x64
		{6810700C-9457-433C-B9EC-5B576F55BD4D}.Debug|x86.ActiveCfg = Debug|Win32
		{6810700C-9457-433C-B9EC-5B576F55BD4D}.Debug|x86.Build.0 = Debug|Win32
		{6810700C-9457-433C-B9EC-5B576F55BD4D}.Release|x64.ActiveCfg = Release|x64
		{6810700C-9457-433C-B9EC-5B576F55BD4D}.Release|x64.Build.0 = Release|x64
		{6810700C-9457-433C-B9EC-5B576F55BD4D}.Release|x86.ActiveCfg = Release|Win32
		{6810700C-9457-433C-B9EC-5B576F55BD4D}.Release|x86.Build.0 = Release|Win32
		{86DE3767-8E4A-4682-A28A-CFFD202FFABB}.Debug|x64.ActiveCfg = Debug|x64
		{86DE3767-8E4A-4682-A28A-CFFD202FFABB}.Debug|x64.Build.0 = Debug|x64
		{86DE3767-8E4A-4682-A28A-CFFD202FFABB}.Debug|x86.ActiveCfg = Debug|Win32
		{86DE3767-8E4A-4682-A28A-CFFD202FFABB}.Debug|x86.Build.0 = Debug|Win32
		{86DE3767-8E4A-4682-A28A-CFFD202FFABB}.Release|x64.ActiveCfg = Release|x64
		{86DE3767-8E4A-4682-A28A-CFFD202FFABB}.Release|x64.Build.0 = Release|x64
		{86DE3767-8E4A-4682-A28A-CFFD202FFABB}.Release|x86.ActiveCfg = Release|Win32
		{86DE3767-8E4A-4682-A28A-CFFD202FFABB}.Release|x86.Build.0 = Release|Win32
		{EAF08779-89C1-46D7-AE57-A5FD800E7335}.Debug|x64.ActiveCfg = Debug|x64
		{EAF08779-89C1-46D7-AE57-A5FD800E7335}.Debug|x64.Build.0 = Debug|x64
		{EAF08779-89C1-46D7-AE57-A5FD800E7335}.Debug|x86.ActiveCfg = Debug|Win32
		{EAF08779-89C1-46D7-AE57-A5FD800E7335}.Debug|x86.Build.0 = Debug|Win32
		{EAF08779-89C1-46D7-AE57-A5FD800E7335}.Release|x64.ActiveCfg = Release|x64
		{EAF08779-89C1-46D7-AE57-A5FD800E7335}.Release|x64.Build.0 = Release|x64
		{EAF08779-89C1-46D7-AE57-A5FD800E7335}.Release|x86.ActiveCfg = Release|Win32
		{EAF08779-89C1-46D7-AE57-A5FD800E7335}.Release|x86.Build.0 = Release|Win32
	EndGlobalSection
	GlobalSection(SolutionProperties) = preSolution
		HideSolutionNode = FALSE
	EndGlobalSection
	GlobalSection(ExtensibilityGlobals) = postSolution
		SolutionGuid = {8A033504-FFA0-4482-969C-AE3ADF7CA8A7}
	EndGlobalSection
EndGlobal
