
Microsoft Visual Studio Solution File, Format Version 12.00
# Visual Studio Version 17
VisualStudioVersion = 17.0.32014.148
MinimumVisualStudioVersion = 10.0.40219.1
Project("{8BC9CEB8-8B4A-11D0-8D11-00A0C91BC942}") = "1_01b_Class", "1_01_Class\1_01_Class.vcxproj", "{4529EB41-1F0A-4C70-907C-CBB91F5103EE}"
EndProject
Project("{8BC9CEB8-8B4A-11D0-8D11-00A0C91BC942}") = "1_01a_CStyle", "1_01_CStyle\1_01_CStyle.vcxproj", "{E58DA8E7-EEA2-49C8-8743-228A8ED83886}"
EndProject
Project("{8BC9CEB8-8B4A-11D0-8D11-00A0C91BC942}") = "1_02_AccessCtrl", "1_02_AccessCtrl\1_02_AccessCtrl.vcxproj", "{105B05E2-99E0-495A-9518-DF3D3174EBB4}"
EndProject
Project("{8BC9CEB8-8B4A-11D0-8D11-00A0C91BC942}") = "1_03_Friend", "1_03_Friend\1_03_Friend.vcxproj", "{EA703750-DEC0-46EB-A6EC-258E6CF34AE4}"
EndProject
Project("{8BC9CEB8-8B4A-11D0-8D11-00A0C91BC942}") = "1_04_This", "1_04_This\1_04_This.vcxproj", "{00368FD8-212F-42E8-9AA3-7D43B43D0642}"
EndProject
Project("{8BC9CEB8-8B4A-11D0-8D11-00A0C91BC942}") = "1_05_Init", "1_05_Init\1_05_Init.vcxproj", "{717A88BB-D14F-4323-9F24-48F95974C0BC}"
EndProject
Project("{8BC9CEB8-8B4A-11D0-8D11-00A0C91BC942}") = "1_06_Operator", "1_07_Operator\1_07_Operator.vcxproj", "{0EF7A686-B876-46CF-BCDA-E7A1496BF610}"
EndProject
Project("{8BC9CEB8-8B4A-11D0-8D11-00A0C91BC942}") = "1_07_ProtoType", "1_08_ProtoType\1_08_ProtoType.vcxproj", "{7B99DCCA-3201-4765-9243-FA2B4B2280C3}"
EndProject
Project("{8BC9CEB8-8B4A-11D0-8D11-00A0C91BC942}") = "2_01_Extends", "2_01_Extends\2_01_Extends.vcxproj", "{72512363-0056-4C41-957A-0304F5D48205}"
EndProject
Project("{8BC9CEB8-8B4A-11D0-8D11-00A0C91BC942}") = "2_02_Override", "2_04_Override\2_04_Override.vcxproj", "{8B5A3194-E987-478E-AC01-81F26E1CBD48}"
EndProject
Project("{8BC9CEB8-8B4A-11D0-8D11-00A0C91BC942}") = "2_04_Virtual", "2_05_Virtual\2_05_Virtual.vcxproj", "{31D2A578-0369-4D2C-B46C-B31368B49875}"
EndProject
Project("{8BC9CEB8-8B4A-11D0-8D11-00A0C91BC942}") = "2_03_Super", "2_06_Super\2_06_Super.vcxproj", "{68807C98-7E44-46D0-A73A-12201FCE1ED0}"
EndProject
Project("{8BC9CEB8-8B4A-11D0-8D11-00A0C91BC942}") = "2_05_Multi", "2_07_Multi\2_07_Multi.vcxproj", "{08B236DD-CEE5-498E-AD10-113DCC852DF9}"
EndProject
Project("{8BC9CEB8-8B4A-11D0-8D11-00A0C91BC942}") = "2_06_Abstract", "2_08_Abstract\2_08_Abstract.vcxproj", "{B4BF283F-6089-4EBB-9725-210BA77C0315}"
EndProject
Project("{8BC9CEB8-8B4A-11D0-8D11-00A0C91BC942}") = "3_01_Exception", "3_01_Exception\3_01_Exception.vcxproj", "{3661F73C-9F5B-4E9A-9429-5B0340B9DF39}"
EndProject
Project("{8BC9CEB8-8B4A-11D0-8D11-00A0C91BC942}") = "3_02_StackUnwind", "3_02_StackUnwind\3_02_StackUnwind.vcxproj", "{EDCEC380-89A5-4B1E-9712-606FEF2CEB89}"
EndProject
Project("{8BC9CEB8-8B4A-11D0-8D11-00A0C91BC942}") = "3_03_MultiCatch", "3_03_MultiCatch\3_03_MultiCatch.vcxproj", "{3372ADA0-8951-498B-8A7F-B418BAD53B96}"
EndProject
Project("{8BC9CEB8-8B4A-11D0-8D11-00A0C91BC942}") = "3_04_Except_Object", "3_04_Except_Object\3_04_Except_Object.vcxproj", "{EA32B892-8337-48D3-B7D9-E88E36CD0FB8}"
EndProject
Project("{8BC9CEB8-8B4A-11D0-8D11-00A0C91BC942}") = "3_05_Default", "3_05_Default\3_05_Default.vcxproj", "{9608DE57-589A-4E0C-AFC6-5C2489F03377}"
EndProject
Project("{8BC9CEB8-8B4A-11D0-8D11-00A0C91BC942}") = "3_06_NoExcpet", "3_06_NoExcpet\3_06_NoExcpet.vcxproj", "{B5548629-DF0E-49F3-BF56-3E1847F851EB}"
EndProject
Project("{8BC9CEB8-8B4A-11D0-8D11-00A0C91BC942}") = "4_01_Template", "4_01_Template\4_01_Template.vcxproj", "{F26963CB-67E6-4790-8666-6EF2204F1260}"
EndProject
Project("{8BC9CEB8-8B4A-11D0-8D11-00A0C91BC942}") = "4_02_Template_Multi", "4_02_Template_Multi\4_02_Template_Multi.vcxproj", "{1F2327B6-3D99-48FB-96D4-3D2673595EFC}"
EndProject
Project("{8BC9CEB8-8B4A-11D0-8D11-00A0C91BC942}") = "4_03_Template_Class", "4_03_Template_Class\4_03_Template_Class.vcxproj", "{BF8FE432-64DB-48A7-AE99-3D682D50CBA7}"
EndProject
Project("{8BC9CEB8-8B4A-11D0-8D11-00A0C91BC942}") = "4_04_Using", "4_04_Using\4_04_Using.vcxproj", "{478CFA49-A9E0-4FB5-A284-C82AED8DC5DD}"
EndProject
Project("{8BC9CEB8-8B4A-11D0-8D11-00A0C91BC942}") = "4_05_Namespace", "4_05_Namespace\4_05_Namespace.vcxproj", "{7C8A4EB5-CEC1-4C44-B29D-72C763071724}"
EndProject
Project("{8BC9CEB8-8B4A-11D0-8D11-00A0C91BC942}") = "4_06_Malloc", "4_06_Malloc\4_06_Malloc.vcxproj", "{76007B5E-0773-4C1E-BAD2-23BC9DF8A763}"
EndProject
Project("{8BC9CEB8-8B4A-11D0-8D11-00A0C91BC942}") = "4_07_Equal", "4_07_Equal\4_07_Equal.vcxproj", "{019C8519-34F6-4B9E-A4B2-13B2953105F5}"
EndProject
Project("{8BC9CEB8-8B4A-11D0-8D11-00A0C91BC942}") = "4_08_NewCast", "4_08_NewCast\4_08_NewCast.vcxproj", "{60E76A8E-56DE-4DEC-854A-E5519C6DF75B}"
EndProject
Project("{8BC9CEB8-8B4A-11D0-8D11-00A0C91BC942}") = "4_09_NewType", "4_09_NewType\4_09_NewType.vcxproj", "{9D1F2BBF-8235-40E7-A6D4-0CDBBDC450CD}"
EndProject
Project("{8BC9CEB8-8B4A-11D0-8D11-00A0C91BC942}") = "4_10_nullptr", "4_10_nullptr\4_10_nullptr.vcxproj", "{447845EB-D6A0-4570-840A-B43D2ABFBC8A}"
EndProject
Project("{8BC9CEB8-8B4A-11D0-8D11-00A0C91BC942}") = "4_11_Operation", "4_11_Operation\4_11_Operation.vcxproj", "{FB0F74D8-D684-4BFA-A318-EF929F758A16}"
EndProject
Project("{8BC9CEB8-8B4A-11D0-8D11-00A0C91BC942}") = "2_07a_Generalization", "2_09a_Generalization\2_09a_Generalization.vcxproj", "{00194578-B1C2-41ED-AC5F-30324F5C2AEE}"
EndProject
Project("{8BC9CEB8-8B4A-11D0-8D11-00A0C91BC942}") = "2_07c_Association", "2_07b_Association\2_07b_Association.vcxproj", "{F0B6EA96-967D-4444-B0E7-E339632117D2}"
EndProject
Project("{8BC9CEB8-8B4A-11D0-8D11-00A0C91BC942}") = "2_07d_Aggregation", "2_07c_Aggregation\2_07c_Aggregation.vcxproj", "{6E55B351-C3A1-4E3D-8237-AFC348025AA9}"
EndProject
Project("{8BC9CEB8-8B4A-11D0-8D11-00A0C91BC942}") = "2_07e_Composition", "2_07d_Composition\2_07d_Composition.vcxproj", "{CCF11A63-4A6C-4063-ADB2-18E82E56A862}"
EndProject
Project("{8BC9CEB8-8B4A-11D0-8D11-00A0C91BC942}") = "2_07b_Realization", "2_07e_Realization\2_07e_Realization.vcxproj", "{D8C57386-3C96-4C46-B0AA-94AB5E84B249}"
EndProject
Project("{8BC9CEB8-8B4A-11D0-8D11-00A0C91BC942}") = "2_08a_test1", "2_08a_test1\2_08a_test1.vcxproj", "{3EBA311C-7649-4999-B76F-85A2D078A65C}"
EndProject
Project("{8BC9CEB8-8B4A-11D0-8D11-00A0C91BC942}") = "2_08b_text2", "2_08b_text2\2_08b_text2.vcxproj", "{0078D01F-E2B3-45A2-8F30-2D252A2C2FD7}"
EndProject
Project("{8BC9CEB8-8B4A-11D0-8D11-00A0C91BC942}") = "0_00_test", "0_00_test\0_00_test.vcxproj", "{A8F1910B-FA7A-45AB-BD58-F4181E69E2A9}"
EndProject
Project("{8BC9CEB8-8B4A-11D0-8D11-00A0C91BC942}") = "1_02b_AccessCtrl", "1_02b_AccessCtrl\1_02b_AccessCtrl.vcxproj", "{DCAC8DAB-2C72-40E3-B980-44FA2552C0CC}"
EndProject
Project("{8BC9CEB8-8B4A-11D0-8D11-00A0C91BC942}") = "3_02b_StackUnwind", "3_02b_StackUnwind\3_02b_StackUnwind.vcxproj", "{7CAEA961-7AA8-4DB2-8820-CAF8D7290B5B}"
EndProject
Project("{8BC9CEB8-8B4A-11D0-8D11-00A0C91BC942}") = "4_01a_test1", "4_01a_test1\4_01a_test1.vcxproj", "{00F83CAC-023E-442E-9117-B387C95BA011}"
EndProject
Global
	GlobalSection(SolutionConfigurationPlatforms) = preSolution
		Debug|x64 = Debug|x64
		Debug|x86 = Debug|x86
		Release|x64 = Release|x64
		Release|x86 = Release|x86
	EndGlobalSection
	GlobalSection(ProjectConfigurationPlatforms) = postSolution
		{4529EB41-1F0A-4C70-907C-CBB91F5103EE}.Debug|x64.ActiveCfg = Debug|x64
		{4529EB41-1F0A-4C70-907C-CBB91F5103EE}.Debug|x64.Build.0 = Debug|x64
		{4529EB41-1F0A-4C70-907C-CBB91F5103EE}.Debug|x86.ActiveCfg = Debug|Win32
		{4529EB41-1F0A-4C70-907C-CBB91F5103EE}.Debug|x86.Build.0 = Debug|Win32
		{4529EB41-1F0A-4C70-907C-CBB91F5103EE}.Release|x64.ActiveCfg = Release|x64
		{4529EB41-1F0A-4C70-907C-CBB91F5103EE}.Release|x64.Build.0 = Release|x64
		{4529EB41-1F0A-4C70-907C-CBB91F5103EE}.Release|x86.ActiveCfg = Release|Win32
		{4529EB41-1F0A-4C70-907C-CBB91F5103EE}.Release|x86.Build.0 = Release|Win32
		{E58DA8E7-EEA2-49C8-8743-228A8ED83886}.Debug|x64.ActiveCfg = Debug|x64
		{E58DA8E7-EEA2-49C8-8743-228A8ED83886}.Debug|x64.Build.0 = Debug|x64
		{E58DA8E7-EEA2-49C8-8743-228A8ED83886}.Debug|x86.ActiveCfg = Debug|Win32
		{E58DA8E7-EEA2-49C8-8743-228A8ED83886}.Debug|x86.Build.0 = Debug|Win32
		{E58DA8E7-EEA2-49C8-8743-228A8ED83886}.Release|x64.ActiveCfg = Release|x64
		{E58DA8E7-EEA2-49C8-8743-228A8ED83886}.Release|x64.Build.0 = Release|x64
		{E58DA8E7-EEA2-49C8-8743-228A8ED83886}.Release|x86.ActiveCfg = Release|Win32
		{E58DA8E7-EEA2-49C8-8743-228A8ED83886}.Release|x86.Build.0 = Release|Win32
		{105B05E2-99E0-495A-9518-DF3D3174EBB4}.Debug|x64.ActiveCfg = Debug|x64
		{105B05E2-99E0-495A-9518-DF3D3174EBB4}.Debug|x64.Build.0 = Debug|x64
		{105B05E2-99E0-495A-9518-DF3D3174EBB4}.Debug|x86.ActiveCfg = Debug|Win32
		{105B05E2-99E0-495A-9518-DF3D3174EBB4}.Debug|x86.Build.0 = Debug|Win32
		{105B05E2-99E0-495A-9518-DF3D3174EBB4}.Release|x64.ActiveCfg = Release|x64
		{105B05E2-99E0-495A-9518-DF3D3174EBB4}.Release|x64.Build.0 = Release|x64
		{105B05E2-99E0-495A-9518-DF3D3174EBB4}.Release|x86.ActiveCfg = Release|Win32
		{105B05E2-99E0-495A-9518-DF3D3174EBB4}.Release|x86.Build.0 = Release|Win32
		{EA703750-DEC0-46EB-A6EC-258E6CF34AE4}.Debug|x64.ActiveCfg = Debug|x64
		{EA703750-DEC0-46EB-A6EC-258E6CF34AE4}.Debug|x64.Build.0 = Debug|x64
		{EA703750-DEC0-46EB-A6EC-258E6CF34AE4}.Debug|x86.ActiveCfg = Debug|Win32
		{EA703750-DEC0-46EB-A6EC-258E6CF34AE4}.Debug|x86.Build.0 = Debug|Win32
		{EA703750-DEC0-46EB-A6EC-258E6CF34AE4}.Release|x64.ActiveCfg = Release|x64
		{EA703750-DEC0-46EB-A6EC-258E6CF34AE4}.Release|x64.Build.0 = Release|x64
		{EA703750-DEC0-46EB-A6EC-258E6CF34AE4}.Release|x86.ActiveCfg = Release|Win32
		{EA703750-DEC0-46EB-A6EC-258E6CF34AE4}.Release|x86.Build.0 = Release|Win32
		{00368FD8-212F-42E8-9AA3-7D43B43D0642}.Debug|x64.ActiveCfg = Debug|x64
		{00368FD8-212F-42E8-9AA3-7D43B43D0642}.Debug|x64.Build.0 = Debug|x64
		{00368FD8-212F-42E8-9AA3-7D43B43D0642}.Debug|x86.ActiveCfg = Debug|Win32
		{00368FD8-212F-42E8-9AA3-7D43B43D0642}.Debug|x86.Build.0 = Debug|Win32
		{00368FD8-212F-42E8-9AA3-7D43B43D0642}.Release|x64.ActiveCfg = Release|x64
		{00368FD8-212F-42E8-9AA3-7D43B43D0642}.Release|x64.Build.0 = Release|x64
		{00368FD8-212F-42E8-9AA3-7D43B43D0642}.Release|x86.ActiveCfg = Release|Win32
		{00368FD8-212F-42E8-9AA3-7D43B43D0642}.Release|x86.Build.0 = Release|Win32
		{717A88BB-D14F-4323-9F24-48F95974C0BC}.Debug|x64.ActiveCfg = Debug|x64
		{717A88BB-D14F-4323-9F24-48F95974C0BC}.Debug|x64.Build.0 = Debug|x64
		{717A88BB-D14F-4323-9F24-48F95974C0BC}.Debug|x86.ActiveCfg = Debug|Win32
		{717A88BB-D14F-4323-9F24-48F95974C0BC}.Debug|x86.Build.0 = Debug|Win32
		{717A88BB-D14F-4323-9F24-48F95974C0BC}.Release|x64.ActiveCfg = Release|x64
		{717A88BB-D14F-4323-9F24-48F95974C0BC}.Release|x64.Build.0 = Release|x64
		{717A88BB-D14F-4323-9F24-48F95974C0BC}.Release|x86.ActiveCfg = Release|Win32
		{717A88BB-D14F-4323-9F24-48F95974C0BC}.Release|x86.Build.0 = Release|Win32
		{0EF7A686-B876-46CF-BCDA-E7A1496BF610}.Debug|x64.ActiveCfg = Debug|x64
		{0EF7A686-B876-46CF-BCDA-E7A1496BF610}.Debug|x64.Build.0 = Debug|x64
		{0EF7A686-B876-46CF-BCDA-E7A1496BF610}.Debug|x86.ActiveCfg = Debug|Win32
		{0EF7A686-B876-46CF-BCDA-E7A1496BF610}.Debug|x86.Build.0 = Debug|Win32
		{0EF7A686-B876-46CF-BCDA-E7A1496BF610}.Release|x64.ActiveCfg = Release|x64
		{0EF7A686-B876-46CF-BCDA-E7A1496BF610}.Release|x64.Build.0 = Release|x64
		{0EF7A686-B876-46CF-BCDA-E7A1496BF610}.Release|x86.ActiveCfg = Release|Win32
		{0EF7A686-B876-46CF-BCDA-E7A1496BF610}.Release|x86.Build.0 = Release|Win32
		{7B99DCCA-3201-4765-9243-FA2B4B2280C3}.Debug|x64.ActiveCfg = Debug|x64
		{7B99DCCA-3201-4765-9243-FA2B4B2280C3}.Debug|x64.Build.0 = Debug|x64
		{7B99DCCA-3201-4765-9243-FA2B4B2280C3}.Debug|x86.ActiveCfg = Debug|Win32
		{7B99DCCA-3201-4765-9243-FA2B4B2280C3}.Debug|x86.Build.0 = Debug|Win32
		{7B99DCCA-3201-4765-9243-FA2B4B2280C3}.Release|x64.ActiveCfg = Release|x64
		{7B99DCCA-3201-4765-9243-FA2B4B2280C3}.Release|x64.Build.0 = Release|x64
		{7B99DCCA-3201-4765-9243-FA2B4B2280C3}.Release|x86.ActiveCfg = Release|Win32
		{7B99DCCA-3201-4765-9243-FA2B4B2280C3}.Release|x86.Build.0 = Release|Win32
		{72512363-0056-4C41-957A-0304F5D48205}.Debug|x64.ActiveCfg = Debug|x64
		{72512363-0056-4C41-957A-0304F5D48205}.Debug|x64.Build.0 = Debug|x64
		{72512363-0056-4C41-957A-0304F5D48205}.Debug|x86.ActiveCfg = Debug|Win32
		{72512363-0056-4C41-957A-0304F5D48205}.Debug|x86.Build.0 = Debug|Win32
		{72512363-0056-4C41-957A-0304F5D48205}.Release|x64.ActiveCfg = Release|x64
		{72512363-0056-4C41-957A-0304F5D48205}.Release|x64.Build.0 = Release|x64
		{72512363-0056-4C41-957A-0304F5D48205}.Release|x86.ActiveCfg = Release|Win32
		{72512363-0056-4C41-957A-0304F5D48205}.Release|x86.Build.0 = Release|Win32
		{8B5A3194-E987-478E-AC01-81F26E1CBD48}.Debug|x64.ActiveCfg = Debug|x64
		{8B5A3194-E987-478E-AC01-81F26E1CBD48}.Debug|x64.Build.0 = Debug|x64
		{8B5A3194-E987-478E-AC01-81F26E1CBD48}.Debug|x86.ActiveCfg = Debug|Win32
		{8B5A3194-E987-478E-AC01-81F26E1CBD48}.Debug|x86.Build.0 = Debug|Win32
		{8B5A3194-E987-478E-AC01-81F26E1CBD48}.Release|x64.ActiveCfg = Release|x64
		{8B5A3194-E987-478E-AC01-81F26E1CBD48}.Release|x64.Build.0 = Release|x64
		{8B5A3194-E987-478E-AC01-81F26E1CBD48}.Release|x86.ActiveCfg = Release|Win32
		{8B5A3194-E987-478E-AC01-81F26E1CBD48}.Release|x86.Build.0 = Release|Win32
		{31D2A578-0369-4D2C-B46C-B31368B49875}.Debug|x64.ActiveCfg = Debug|x64
		{31D2A578-0369-4D2C-B46C-B31368B49875}.Debug|x64.Build.0 = Debug|x64
		{31D2A578-0369-4D2C-B46C-B31368B49875}.Debug|x86.ActiveCfg = Debug|Win32
		{31D2A578-0369-4D2C-B46C-B31368B49875}.Debug|x86.Build.0 = Debug|Win32
		{31D2A578-0369-4D2C-B46C-B31368B49875}.Release|x64.ActiveCfg = Release|x64
		{31D2A578-0369-4D2C-B46C-B31368B49875}.Release|x64.Build.0 = Release|x64
		{31D2A578-0369-4D2C-B46C-B31368B49875}.Release|x86.ActiveCfg = Release|Win32
		{31D2A578-0369-4D2C-B46C-B31368B49875}.Release|x86.Build.0 = Release|Win32
		{68807C98-7E44-46D0-A73A-12201FCE1ED0}.Debug|x64.ActiveCfg = Debug|x64
		{68807C98-7E44-46D0-A73A-12201FCE1ED0}.Debug|x64.Build.0 = Debug|x64
		{68807C98-7E44-46D0-A73A-12201FCE1ED0}.Debug|x86.ActiveCfg = Debug|Win32
		{68807C98-7E44-46D0-A73A-12201FCE1ED0}.Debug|x86.Build.0 = Debug|Win32
		{68807C98-7E44-46D0-A73A-12201FCE1ED0}.Release|x64.ActiveCfg = Release|x64
		{68807C98-7E44-46D0-A73A-12201FCE1ED0}.Release|x64.Build.0 = Release|x64
		{68807C98-7E44-46D0-A73A-12201FCE1ED0}.Release|x86.ActiveCfg = Release|Win32
		{68807C98-7E44-46D0-A73A-12201FCE1ED0}.Release|x86.Build.0 = Release|Win32
		{08B236DD-CEE5-498E-AD10-113DCC852DF9}.Debug|x64.ActiveCfg = Debug|x64
		{08B236DD-CEE5-498E-AD10-113DCC852DF9}.Debug|x64.Build.0 = Debug|x64
		{08B236DD-CEE5-498E-AD10-113DCC852DF9}.Debug|x86.ActiveCfg = Debug|Win32
		{08B236DD-CEE5-498E-AD10-113DCC852DF9}.Debug|x86.Build.0 = Debug|Win32
		{08B236DD-CEE5-498E-AD10-113DCC852DF9}.Release|x64.ActiveCfg = Release|x64
		{08B236DD-CEE5-498E-AD10-113DCC852DF9}.Release|x64.Build.0 = Release|x64
		{08B236DD-CEE5-498E-AD10-113DCC852DF9}.Release|x86.ActiveCfg = Release|Win32
		{08B236DD-CEE5-498E-AD10-113DCC852DF9}.Release|x86.Build.0 = Release|Win32
		{B4BF283F-6089-4EBB-9725-210BA77C0315}.Debug|x64.ActiveCfg = Debug|x64
		{B4BF283F-6089-4EBB-9725-210BA77C0315}.Debug|x64.Build.0 = Debug|x64
		{B4BF283F-6089-4EBB-9725-210BA77C0315}.Debug|x86.ActiveCfg = Debug|Win32
		{B4BF283F-6089-4EBB-9725-210BA77C0315}.Debug|x86.Build.0 = Debug|Win32
		{B4BF283F-6089-4EBB-9725-210BA77C0315}.Release|x64.ActiveCfg = Release|x64
		{B4BF283F-6089-4EBB-9725-210BA77C0315}.Release|x64.Build.0 = Release|x64
		{B4BF283F-6089-4EBB-9725-210BA77C0315}.Release|x86.ActiveCfg = Release|Win32
		{B4BF283F-6089-4EBB-9725-210BA77C0315}.Release|x86.Build.0 = Release|Win32
		{3661F73C-9F5B-4E9A-9429-5B0340B9DF39}.Debug|x64.ActiveCfg = Debug|x64
		{3661F73C-9F5B-4E9A-9429-5B0340B9DF39}.Debug|x64.Build.0 = Debug|x64
		{3661F73C-9F5B-4E9A-9429-5B0340B9DF39}.Debug|x86.ActiveCfg = Debug|Win32
		{3661F73C-9F5B-4E9A-9429-5B0340B9DF39}.Debug|x86.Build.0 = Debug|Win32
		{3661F73C-9F5B-4E9A-9429-5B0340B9DF39}.Release|x64.ActiveCfg = Release|x64
		{3661F73C-9F5B-4E9A-9429-5B0340B9DF39}.Release|x64.Build.0 = Release|x64
		{3661F73C-9F5B-4E9A-9429-5B0340B9DF39}.Release|x86.ActiveCfg = Release|Win32
		{3661F73C-9F5B-4E9A-9429-5B0340B9DF39}.Release|x86.Build.0 = Release|Win32
		{EDCEC380-89A5-4B1E-9712-606FEF2CEB89}.Debug|x64.ActiveCfg = Debug|x64
		{EDCEC380-89A5-4B1E-9712-606FEF2CEB89}.Debug|x64.Build.0 = Debug|x64
		{EDCEC380-89A5-4B1E-9712-606FEF2CEB89}.Debug|x86.ActiveCfg = Debug|Win32
		{EDCEC380-89A5-4B1E-9712-606FEF2CEB89}.Debug|x86.Build.0 = Debug|Win32
		{EDCEC380-89A5-4B1E-9712-606FEF2CEB89}.Release|x64.ActiveCfg = Release|x64
		{EDCEC380-89A5-4B1E-9712-606FEF2CEB89}.Release|x64.Build.0 = Release|x64
		{EDCEC380-89A5-4B1E-9712-606FEF2CEB89}.Release|x86.ActiveCfg = Release|Win32
		{EDCEC380-89A5-4B1E-9712-606FEF2CEB89}.Release|x86.Build.0 = Release|Win32
		{3372ADA0-8951-498B-8A7F-B418BAD53B96}.Debug|x64.ActiveCfg = Debug|x64
		{3372ADA0-8951-498B-8A7F-B418BAD53B96}.Debug|x64.Build.0 = Debug|x64
		{3372ADA0-8951-498B-8A7F-B418BAD53B96}.Debug|x86.ActiveCfg = Debug|Win32
		{3372ADA0-8951-498B-8A7F-B418BAD53B96}.Debug|x86.Build.0 = Debug|Win32
		{3372ADA0-8951-498B-8A7F-B418BAD53B96}.Release|x64.ActiveCfg = Release|x64
		{3372ADA0-8951-498B-8A7F-B418BAD53B96}.Release|x64.Build.0 = Release|x64
		{3372ADA0-8951-498B-8A7F-B418BAD53B96}.Release|x86.ActiveCfg = Release|Win32
		{3372ADA0-8951-498B-8A7F-B418BAD53B96}.Release|x86.Build.0 = Release|Win32
		{EA32B892-8337-48D3-B7D9-E88E36CD0FB8}.Debug|x64.ActiveCfg = Debug|x64
		{EA32B892-8337-48D3-B7D9-E88E36CD0FB8}.Debug|x64.Build.0 = Debug|x64
		{EA32B892-8337-48D3-B7D9-E88E36CD0FB8}.Debug|x86.ActiveCfg = Debug|Win32
		{EA32B892-8337-48D3-B7D9-E88E36CD0FB8}.Debug|x86.Build.0 = Debug|Win32
		{EA32B892-8337-48D3-B7D9-E88E36CD0FB8}.Release|x64.ActiveCfg = Release|x64
		{EA32B892-8337-48D3-B7D9-E88E36CD0FB8}.Release|x64.Build.0 = Release|x64
		{EA32B892-8337-48D3-B7D9-E88E36CD0FB8}.Release|x86.ActiveCfg = Release|Win32
		{EA32B892-8337-48D3-B7D9-E88E36CD0FB8}.Release|x86.Build.0 = Release|Win32
		{9608DE57-589A-4E0C-AFC6-5C2489F03377}.Debug|x64.ActiveCfg = Debug|x64
		{9608DE57-589A-4E0C-AFC6-5C2489F03377}.Debug|x64.Build.0 = Debug|x64
		{9608DE57-589A-4E0C-AFC6-5C2489F03377}.Debug|x86.ActiveCfg = Debug|Win32
		{9608DE57-589A-4E0C-AFC6-5C2489F03377}.Debug|x86.Build.0 = Debug|Win32
		{9608DE57-589A-4E0C-AFC6-5C2489F03377}.Release|x64.ActiveCfg = Release|x64
		{9608DE57-589A-4E0C-AFC6-5C2489F03377}.Release|x64.Build.0 = Release|x64
		{9608DE57-589A-4E0C-AFC6-5C2489F03377}.Release|x86.ActiveCfg = Release|Win32
		{9608DE57-589A-4E0C-AFC6-5C2489F03377}.Release|x86.Build.0 = Release|Win32
		{B5548629-DF0E-49F3-BF56-3E1847F851EB}.Debug|x64.ActiveCfg = Debug|x64
		{B5548629-DF0E-49F3-BF56-3E1847F851EB}.Debug|x64.Build.0 = Debug|x64
		{B5548629-DF0E-49F3-BF56-3E1847F851EB}.Debug|x86.ActiveCfg = Debug|Win32
		{B5548629-DF0E-49F3-BF56-3E1847F851EB}.Debug|x86.Build.0 = Debug|Win32
		{B5548629-DF0E-49F3-BF56-3E1847F851EB}.Release|x64.ActiveCfg = Release|x64
		{B5548629-DF0E-49F3-BF56-3E1847F851EB}.Release|x64.Build.0 = Release|x64
		{B5548629-DF0E-49F3-BF56-3E1847F851EB}.Release|x86.ActiveCfg = Release|Win32
		{B5548629-DF0E-49F3-BF56-3E1847F851EB}.Release|x86.Build.0 = Release|Win32
		{F26963CB-67E6-4790-8666-6EF2204F1260}.Debug|x64.ActiveCfg = Debug|x64
		{F26963CB-67E6-4790-8666-6EF2204F1260}.Debug|x64.Build.0 = Debug|x64
		{F26963CB-67E6-4790-8666-6EF2204F1260}.Debug|x86.ActiveCfg = Debug|Win32
		{F26963CB-67E6-4790-8666-6EF2204F1260}.Debug|x86.Build.0 = Debug|Win32
		{F26963CB-67E6-4790-8666-6EF2204F1260}.Release|x64.ActiveCfg = Release|x64
		{F26963CB-67E6-4790-8666-6EF2204F1260}.Release|x64.Build.0 = Release|x64
		{F26963CB-67E6-4790-8666-6EF2204F1260}.Release|x86.ActiveCfg = Release|Win32
		{F26963CB-67E6-4790-8666-6EF2204F1260}.Release|x86.Build.0 = Release|Win32
		{1F2327B6-3D99-48FB-96D4-3D2673595EFC}.Debug|x64.ActiveCfg = Debug|x64
		{1F2327B6-3D99-48FB-96D4-3D2673595EFC}.Debug|x64.Build.0 = Debug|x64
		{1F2327B6-3D99-48FB-96D4-3D2673595EFC}.Debug|x86.ActiveCfg = Debug|Win32
		{1F2327B6-3D99-48FB-96D4-3D2673595EFC}.Debug|x86.Build.0 = Debug|Win32
		{1F2327B6-3D99-48FB-96D4-3D2673595EFC}.Release|x64.ActiveCfg = Release|x64
		{1F2327B6-3D99-48FB-96D4-3D2673595EFC}.Release|x64.Build.0 = Release|x64
		{1F2327B6-3D99-48FB-96D4-3D2673595EFC}.Release|x86.ActiveCfg = Release|Win32
		{1F2327B6-3D99-48FB-96D4-3D2673595EFC}.Release|x86.Build.0 = Release|Win32
		{BF8FE432-64DB-48A7-AE99-3D682D50CBA7}.Debug|x64.ActiveCfg = Debug|x64
		{BF8FE432-64DB-48A7-AE99-3D682D50CBA7}.Debug|x64.Build.0 = Debug|x64
		{BF8FE432-64DB-48A7-AE99-3D682D50CBA7}.Debug|x86.ActiveCfg = Debug|Win32
		{BF8FE432-64DB-48A7-AE99-3D682D50CBA7}.Debug|x86.Build.0 = Debug|Win32
		{BF8FE432-64DB-48A7-AE99-3D682D50CBA7}.Release|x64.ActiveCfg = Release|x64
		{BF8FE432-64DB-48A7-AE99-3D682D50CBA7}.Release|x64.Build.0 = Release|x64
		{BF8FE432-64DB-48A7-AE99-3D682D50CBA7}.Release|x86.ActiveCfg = Release|Win32
		{BF8FE432-64DB-48A7-AE99-3D682D50CBA7}.Release|x86.Build.0 = Release|Win32
		{478CFA49-A9E0-4FB5-A284-C82AED8DC5DD}.Debug|x64.ActiveCfg = Debug|x64
		{478CFA49-A9E0-4FB5-A284-C82AED8DC5DD}.Debug|x64.Build.0 = Debug|x64
		{478CFA49-A9E0-4FB5-A284-C82AED8DC5DD}.Debug|x86.ActiveCfg = Debug|Win32
		{478CFA49-A9E0-4FB5-A284-C82AED8DC5DD}.Debug|x86.Build.0 = Debug|Win32
		{478CFA49-A9E0-4FB5-A284-C82AED8DC5DD}.Release|x64.ActiveCfg = Release|x64
		{478CFA49-A9E0-4FB5-A284-C82AED8DC5DD}.Release|x64.Build.0 = Release|x64
		{478CFA49-A9E0-4FB5-A284-C82AED8DC5DD}.Release|x86.ActiveCfg = Release|Win32
		{478CFA49-A9E0-4FB5-A284-C82AED8DC5DD}.Release|x86.Build.0 = Release|Win32
		{7C8A4EB5-CEC1-4C44-B29D-72C763071724}.Debug|x64.ActiveCfg = Debug|x64
		{7C8A4EB5-CEC1-4C44-B29D-72C763071724}.Debug|x64.Build.0 = Debug|x64
		{7C8A4EB5-CEC1-4C44-B29D-72C763071724}.Debug|x86.ActiveCfg = Debug|Win32
		{7C8A4EB5-CEC1-4C44-B29D-72C763071724}.Debug|x86.Build.0 = Debug|Win32
		{7C8A4EB5-CEC1-4C44-B29D-72C763071724}.Release|x64.ActiveCfg = Release|x64
		{7C8A4EB5-CEC1-4C44-B29D-72C763071724}.Release|x64.Build.0 = Release|x64
		{7C8A4EB5-CEC1-4C44-B29D-72C763071724}.Release|x86.ActiveCfg = Release|Win32
		{7C8A4EB5-CEC1-4C44-B29D-72C763071724}.Release|x86.Build.0 = Release|Win32
		{76007B5E-0773-4C1E-BAD2-23BC9DF8A763}.Debug|x64.ActiveCfg = Debug|x64
		{76007B5E-0773-4C1E-BAD2-23BC9DF8A763}.Debug|x64.Build.0 = Debug|x64
		{76007B5E-0773-4C1E-BAD2-23BC9DF8A763}.Debug|x86.ActiveCfg = Debug|Win32
		{76007B5E-0773-4C1E-BAD2-23BC9DF8A763}.Debug|x86.Build.0 = Debug|Win32
		{76007B5E-0773-4C1E-BAD2-23BC9DF8A763}.Release|x64.ActiveCfg = Release|x64
		{76007B5E-0773-4C1E-BAD2-23BC9DF8A763}.Release|x64.Build.0 = Release|x64
		{76007B5E-0773-4C1E-BAD2-23BC9DF8A763}.Release|x86.ActiveCfg = Release|Win32
		{76007B5E-0773-4C1E-BAD2-23BC9DF8A763}.Release|x86.Build.0 = Release|Win32
		{019C8519-34F6-4B9E-A4B2-13B2953105F5}.Debug|x64.ActiveCfg = Debug|x64
		{019C8519-34F6-4B9E-A4B2-13B2953105F5}.Debug|x64.Build.0 = Debug|x64
		{019C8519-34F6-4B9E-A4B2-13B2953105F5}.Debug|x86.ActiveCfg = Debug|Win32
		{019C8519-34F6-4B9E-A4B2-13B2953105F5}.Debug|x86.Build.0 = Debug|Win32
		{019C8519-34F6-4B9E-A4B2-13B2953105F5}.Release|x64.ActiveCfg = Release|x64
		{019C8519-34F6-4B9E-A4B2-13B2953105F5}.Release|x64.Build.0 = Release|x64
		{019C8519-34F6-4B9E-A4B2-13B2953105F5}.Release|x86.ActiveCfg = Release|Win32
		{019C8519-34F6-4B9E-A4B2-13B2953105F5}.Release|x86.Build.0 = Release|Win32
		{60E76A8E-56DE-4DEC-854A-E5519C6DF75B}.Debug|x64.ActiveCfg = Debug|x64
		{60E76A8E-56DE-4DEC-854A-E5519C6DF75B}.Debug|x64.Build.0 = Debug|x64
		{60E76A8E-56DE-4DEC-854A-E5519C6DF75B}.Debug|x86.ActiveCfg = Debug|Win32
		{60E76A8E-56DE-4DEC-854A-E5519C6DF75B}.Debug|x86.Build.0 = Debug|Win32
		{60E76A8E-56DE-4DEC-854A-E5519C6DF75B}.Release|x64.ActiveCfg = Release|x64
		{60E76A8E-56DE-4DEC-854A-E5519C6DF75B}.Release|x64.Build.0 = Release|x64
		{60E76A8E-56DE-4DEC-854A-E5519C6DF75B}.Release|x86.ActiveCfg = Release|Win32
		{60E76A8E-56DE-4DEC-854A-E5519C6DF75B}.Release|x86.Build.0 = Release|Win32
		{9D1F2BBF-8235-40E7-A6D4-0CDBBDC450CD}.Debug|x64.ActiveCfg = Debug|x64
		{9D1F2BBF-8235-40E7-A6D4-0CDBBDC450CD}.Debug|x64.Build.0 = Debug|x64
		{9D1F2BBF-8235-40E7-A6D4-0CDBBDC450CD}.Debug|x86.ActiveCfg = Debug|Win32
		{9D1F2BBF-8235-40E7-A6D4-0CDBBDC450CD}.Debug|x86.Build.0 = Debug|Win32
		{9D1F2BBF-8235-40E7-A6D4-0CDBBDC450CD}.Release|x64.ActiveCfg = Release|x64
		{9D1F2BBF-8235-40E7-A6D4-0CDBBDC450CD}.Release|x64.Build.0 = Release|x64
		{9D1F2BBF-8235-40E7-A6D4-0CDBBDC450CD}.Release|x86.ActiveCfg = Release|Win32
		{9D1F2BBF-8235-40E7-A6D4-0CDBBDC450CD}.Release|x86.Build.0 = Release|Win32
		{447845EB-D6A0-4570-840A-B43D2ABFBC8A}.Debug|x64.ActiveCfg = Debug|x64
		{447845EB-D6A0-4570-840A-B43D2ABFBC8A}.Debug|x64.Build.0 = Debug|x64
		{447845EB-D6A0-4570-840A-B43D2ABFBC8A}.Debug|x86.ActiveCfg = Debug|Win32
		{447845EB-D6A0-4570-840A-B43D2ABFBC8A}.Debug|x86.Build.0 = Debug|Win32
		{447845EB-D6A0-4570-840A-B43D2ABFBC8A}.Release|x64.ActiveCfg = Release|x64
		{447845EB-D6A0-4570-840A-B43D2ABFBC8A}.Release|x64.Build.0 = Release|x64
		{447845EB-D6A0-4570-840A-B43D2ABFBC8A}.Release|x86.ActiveCfg = Release|Win32
		{447845EB-D6A0-4570-840A-B43D2ABFBC8A}.Release|x86.Build.0 = Release|Win32
		{FB0F74D8-D684-4BFA-A318-EF929F758A16}.Debug|x64.ActiveCfg = Debug|x64
		{FB0F74D8-D684-4BFA-A318-EF929F758A16}.Debug|x64.Build.0 = Debug|x64
		{FB0F74D8-D684-4BFA-A318-EF929F758A16}.Debug|x86.ActiveCfg = Debug|Win32
		{FB0F74D8-D684-4BFA-A318-EF929F758A16}.Debug|x86.Build.0 = Debug|Win32
		{FB0F74D8-D684-4BFA-A318-EF929F758A16}.Release|x64.ActiveCfg = Release|x64
		{FB0F74D8-D684-4BFA-A318-EF929F758A16}.Release|x64.Build.0 = Release|x64
		{FB0F74D8-D684-4BFA-A318-EF929F758A16}.Release|x86.ActiveCfg = Release|Win32
		{FB0F74D8-D684-4BFA-A318-EF929F758A16}.Release|x86.Build.0 = Release|Win32
		{00194578-B1C2-41ED-AC5F-30324F5C2AEE}.Debug|x64.ActiveCfg = Debug|x64
		{00194578-B1C2-41ED-AC5F-30324F5C2AEE}.Debug|x64.Build.0 = Debug|x64
		{00194578-B1C2-41ED-AC5F-30324F5C2AEE}.Debug|x86.ActiveCfg = Debug|Win32
		{00194578-B1C2-41ED-AC5F-30324F5C2AEE}.Debug|x86.Build.0 = Debug|Win32
		{00194578-B1C2-41ED-AC5F-30324F5C2AEE}.Release|x64.ActiveCfg = Release|x64
		{00194578-B1C2-41ED-AC5F-30324F5C2AEE}.Release|x64.Build.0 = Release|x64
		{00194578-B1C2-41ED-AC5F-30324F5C2AEE}.Release|x86.ActiveCfg = Release|Win32
		{00194578-B1C2-41ED-AC5F-30324F5C2AEE}.Release|x86.Build.0 = Release|Win32
		{F0B6EA96-967D-4444-B0E7-E339632117D2}.Debug|x64.ActiveCfg = Debug|x64
		{F0B6EA96-967D-4444-B0E7-E339632117D2}.Debug|x64.Build.0 = Debug|x64
		{F0B6EA96-967D-4444-B0E7-E339632117D2}.Debug|x86.ActiveCfg = Debug|Win32
		{F0B6EA96-967D-4444-B0E7-E339632117D2}.Debug|x86.Build.0 = Debug|Win32
		{F0B6EA96-967D-4444-B0E7-E339632117D2}.Release|x64.ActiveCfg = Release|x64
		{F0B6EA96-967D-4444-B0E7-E339632117D2}.Release|x64.Build.0 = Release|x64
		{F0B6EA96-967D-4444-B0E7-E339632117D2}.Release|x86.ActiveCfg = Release|Win32
		{F0B6EA96-967D-4444-B0E7-E339632117D2}.Release|x86.Build.0 = Release|Win32
		{6E55B351-C3A1-4E3D-8237-AFC348025AA9}.Debug|x64.ActiveCfg = Debug|x64
		{6E55B351-C3A1-4E3D-8237-AFC348025AA9}.Debug|x64.Build.0 = Debug|x64
		{6E55B351-C3A1-4E3D-8237-AFC348025AA9}.Debug|x86.ActiveCfg = Debug|Win32
		{6E55B351-C3A1-4E3D-8237-AFC348025AA9}.Debug|x86.Build.0 = Debug|Win32
		{6E55B351-C3A1-4E3D-8237-AFC348025AA9}.Release|x64.ActiveCfg = Release|x64
		{6E55B351-C3A1-4E3D-8237-AFC348025AA9}.Release|x64.Build.0 = Release|x64
		{6E55B351-C3A1-4E3D-8237-AFC348025AA9}.Release|x86.ActiveCfg = Release|Win32
		{6E55B351-C3A1-4E3D-8237-AFC348025AA9}.Release|x86.Build.0 = Release|Win32
		{CCF11A63-4A6C-4063-ADB2-18E82E56A862}.Debug|x64.ActiveCfg = Debug|x64
		{CCF11A63-4A6C-4063-ADB2-18E82E56A862}.Debug|x64.Build.0 = Debug|x64
		{CCF11A63-4A6C-4063-ADB2-18E82E56A862}.Debug|x86.ActiveCfg = Debug|Win32
		{CCF11A63-4A6C-4063-ADB2-18E82E56A862}.Debug|x86.Build.0 = Debug|Win32
		{CCF11A63-4A6C-4063-ADB2-18E82E56A862}.Release|x64.ActiveCfg = Release|x64
		{CCF11A63-4A6C-4063-ADB2-18E82E56A862}.Release|x64.Build.0 = Release|x64
		{CCF11A63-4A6C-4063-ADB2-18E82E56A862}.Release|x86.ActiveCfg = Release|Win32
		{CCF11A63-4A6C-4063-ADB2-18E82E56A862}.Release|x86.Build.0 = Release|Win32
		{D8C57386-3C96-4C46-B0AA-94AB5E84B249}.Debug|x64.ActiveCfg = Debug|x64
		{D8C57386-3C96-4C46-B0AA-94AB5E84B249}.Debug|x64.Build.0 = Debug|x64
		{D8C57386-3C96-4C46-B0AA-94AB5E84B249}.Debug|x86.ActiveCfg = Debug|Win32
		{D8C57386-3C96-4C46-B0AA-94AB5E84B249}.Debug|x86.Build.0 = Debug|Win32
		{D8C57386-3C96-4C46-B0AA-94AB5E84B249}.Release|x64.ActiveCfg = Release|x64
		{D8C57386-3C96-4C46-B0AA-94AB5E84B249}.Release|x64.Build.0 = Release|x64
		{D8C57386-3C96-4C46-B0AA-94AB5E84B249}.Release|x86.ActiveCfg = Release|Win32
		{D8C57386-3C96-4C46-B0AA-94AB5E84B249}.Release|x86.Build.0 = Release|Win32
		{3EBA311C-7649-4999-B76F-85A2D078A65C}.Debug|x64.ActiveCfg = Debug|x64
		{3EBA311C-7649-4999-B76F-85A2D078A65C}.Debug|x64.Build.0 = Debug|x64
		{3EBA311C-7649-4999-B76F-85A2D078A65C}.Debug|x86.ActiveCfg = Debug|Win32
		{3EBA311C-7649-4999-B76F-85A2D078A65C}.Debug|x86.Build.0 = Debug|Win32
		{3EBA311C-7649-4999-B76F-85A2D078A65C}.Release|x64.ActiveCfg = Release|x64
		{3EBA311C-7649-4999-B76F-85A2D078A65C}.Release|x64.Build.0 = Release|x64
		{3EBA311C-7649-4999-B76F-85A2D078A65C}.Release|x86.ActiveCfg = Release|Win32
		{3EBA311C-7649-4999-B76F-85A2D078A65C}.Release|x86.Build.0 = Release|Win32
		{0078D01F-E2B3-45A2-8F30-2D252A2C2FD7}.Debug|x64.ActiveCfg = Debug|x64
		{0078D01F-E2B3-45A2-8F30-2D252A2C2FD7}.Debug|x64.Build.0 = Debug|x64
		{0078D01F-E2B3-45A2-8F30-2D252A2C2FD7}.Debug|x86.ActiveCfg = Debug|Win32
		{0078D01F-E2B3-45A2-8F30-2D252A2C2FD7}.Debug|x86.Build.0 = Debug|Win32
		{0078D01F-E2B3-45A2-8F30-2D252A2C2FD7}.Release|x64.ActiveCfg = Release|x64
		{0078D01F-E2B3-45A2-8F30-2D252A2C2FD7}.Release|x64.Build.0 = Release|x64
		{0078D01F-E2B3-45A2-8F30-2D252A2C2FD7}.Release|x86.ActiveCfg = Release|Win32
		{0078D01F-E2B3-45A2-8F30-2D252A2C2FD7}.Release|x86.Build.0 = Release|Win32
		{A8F1910B-FA7A-45AB-BD58-F4181E69E2A9}.Debug|x64.ActiveCfg = Debug|x64
		{A8F1910B-FA7A-45AB-BD58-F4181E69E2A9}.Debug|x64.Build.0 = Debug|x64
		{A8F1910B-FA7A-45AB-BD58-F4181E69E2A9}.Debug|x86.ActiveCfg = Debug|Win32
		{A8F1910B-FA7A-45AB-BD58-F4181E69E2A9}.Debug|x86.Build.0 = Debug|Win32
		{A8F1910B-FA7A-45AB-BD58-F4181E69E2A9}.Release|x64.ActiveCfg = Release|x64
		{A8F1910B-FA7A-45AB-BD58-F4181E69E2A9}.Release|x64.Build.0 = Release|x64
		{A8F1910B-FA7A-45AB-BD58-F4181E69E2A9}.Release|x86.ActiveCfg = Release|Win32
		{A8F1910B-FA7A-45AB-BD58-F4181E69E2A9}.Release|x86.Build.0 = Release|Win32
		{DCAC8DAB-2C72-40E3-B980-44FA2552C0CC}.Debug|x64.ActiveCfg = Debug|x64
		{DCAC8DAB-2C72-40E3-B980-44FA2552C0CC}.Debug|x64.Build.0 = Debug|x64
		{DCAC8DAB-2C72-40E3-B980-44FA2552C0CC}.Debug|x86.ActiveCfg = Debug|Win32
		{DCAC8DAB-2C72-40E3-B980-44FA2552C0CC}.Debug|x86.Build.0 = Debug|Win32
		{DCAC8DAB-2C72-40E3-B980-44FA2552C0CC}.Release|x64.ActiveCfg = Release|x64
		{DCAC8DAB-2C72-40E3-B980-44FA2552C0CC}.Release|x64.Build.0 = Release|x64
		{DCAC8DAB-2C72-40E3-B980-44FA2552C0CC}.Release|x86.ActiveCfg = Release|Win32
		{DCAC8DAB-2C72-40E3-B980-44FA2552C0CC}.Release|x86.Build.0 = Release|Win32
		{7CAEA961-7AA8-4DB2-8820-CAF8D7290B5B}.Debug|x64.ActiveCfg = Debug|x64
		{7CAEA961-7AA8-4DB2-8820-CAF8D7290B5B}.Debug|x64.Build.0 = Debug|x64
		{7CAEA961-7AA8-4DB2-8820-CAF8D7290B5B}.Debug|x86.ActiveCfg = Debug|Win32
		{7CAEA961-7AA8-4DB2-8820-CAF8D7290B5B}.Debug|x86.Build.0 = Debug|Win32
		{7CAEA961-7AA8-4DB2-8820-CAF8D7290B5B}.Release|x64.ActiveCfg = Release|x64
		{7CAEA961-7AA8-4DB2-8820-CAF8D7290B5B}.Release|x64.Build.0 = Release|x64
		{7CAEA961-7AA8-4DB2-8820-CAF8D7290B5B}.Release|x86.ActiveCfg = Release|Win32
		{7CAEA961-7AA8-4DB2-8820-CAF8D7290B5B}.Release|x86.Build.0 = Release|Win32
		{00F83CAC-023E-442E-9117-B387C95BA011}.Debug|x64.ActiveCfg = Debug|x64
		{00F83CAC-023E-442E-9117-B387C95BA011}.Debug|x64.Build.0 = Debug|x64
		{00F83CAC-023E-442E-9117-B387C95BA011}.Debug|x86.ActiveCfg = Debug|Win32
		{00F83CAC-023E-442E-9117-B387C95BA011}.Debug|x86.Build.0 = Debug|Win32
		{00F83CAC-023E-442E-9117-B387C95BA011}.Release|x64.ActiveCfg = Release|x64
		{00F83CAC-023E-442E-9117-B387C95BA011}.Release|x64.Build.0 = Release|x64
		{00F83CAC-023E-442E-9117-B387C95BA011}.Release|x86.ActiveCfg = Release|Win32
		{00F83CAC-023E-442E-9117-B387C95BA011}.Release|x86.Build.0 = Release|Win32
	EndGlobalSection
	GlobalSection(SolutionProperties) = preSolution
		HideSolutionNode = FALSE
	EndGlobalSection
	GlobalSection(ExtensibilityGlobals) = postSolution
		SolutionGuid = {B4EFFDD1-EEAA-4F77-B7A0-45CE42726A24}
	EndGlobalSection
EndGlobal
