
Microsoft Visual Studio Solution File, Format Version 12.00
# Visual Studio Version 16
VisualStudioVersion = 16.0.31624.102
MinimumVisualStudioVersion = 10.0.40219.1
Project("{8BC9CEB8-8B4A-11D0-8D11-00A0C91BC942}") = "T1Q16", "T1Q16\T1Q16.vcxproj", "{E9BA7EF5-645A-461E-9E36-06AD828E0FBA}"
EndProject
Project("{8BC9CEB8-8B4A-11D0-8D11-00A0C91BC942}") = "OpenQ3", "OpenQ3\OpenQ3.vcxproj", "{36C1E0AB-5C5C-424A-8DD7-38BE9CB69289}"
EndProject
Project("{8BC9CEB8-8B4A-11D0-8D11-00A0C91BC942}") = "T2Q16", "T2Q16\T2Q16.vcxproj", "{EB380FD1-1539-435E-97FB-1880D8C0E606}"
EndProject
Project("{8BC9CEB8-8B4A-11D0-8D11-00A0C91BC942}") = "T4Q10", "T4Q10\T4Q10.vcxproj", "{C6BD6D66-8213-492C-9C64-B2D2BE8BA76D}"
EndProject
Project("{8BC9CEB8-8B4A-11D0-8D11-00A0C91BC942}") = "T5Q13", "T5Q13\T5Q13.vcxproj", "{9062D1AC-86C3-4F34-8C4D-8EC324D2A2C4}"
EndProject
Project("{8BC9CEB8-8B4A-11D0-8D11-00A0C91BC942}") = "T7Q16", "T7Q16\T7Q16.vcxproj", "{46060877-ECCB-435E-BB7C-FD5C37F17D73}"
EndProject
Project("{8BC9CEB8-8B4A-11D0-8D11-00A0C91BC942}") = "T9Q09", "T9Q09\T9Q09.vcxproj", "{EAFB75E3-15D0-41DC-A29D-CB8E91660EC7}"
EndProject
Project("{8BC9CEB8-8B4A-11D0-8D11-00A0C91BC942}") = "T10Q13", "T10Q13\T10Q13.vcxproj", "{A5B9C76E-89B0-4F9A-9510-9B1C5C60DA8B}"
EndProject
Project("{8BC9CEB8-8B4A-11D0-8D11-00A0C91BC942}") = "Y20T01Q10", "Y20T01Q10\Y20T01Q10.vcxproj", "{39F02245-5257-4D08-8618-8E57F6CDABD7}"
EndProject
Project("{8BC9CEB8-8B4A-11D0-8D11-00A0C91BC942}") = "Y20T03Q09", "Y20T03Q09\Y20T03Q09.vcxproj", "{ECE3531F-AB04-427B-836D-70B96726C2B8}"
EndProject
Project("{8BC9CEB8-8B4A-11D0-8D11-00A0C91BC942}") = "Y20T03Q10", "Y20T03Q10\Y20T03Q10.vcxproj", "{C3D7C018-7406-4ADC-8D23-54F6165182B1}"
EndProject
Project("{8BC9CEB8-8B4A-11D0-8D11-00A0C91BC942}") = "Y20T04Q08", "Y20T04Q08\Y20T04Q08.vcxproj", "{5B4A1BC0-E8D6-4DD4-8056-4E4C140E5EB3}"
EndProject
Global
	GlobalSection(SolutionConfigurationPlatforms) = preSolution
		Debug|x64 = Debug|x64
		Debug|x86 = Debug|x86
		Release|x64 = Release|x64
		Release|x86 = Release|x86
	EndGlobalSection
	GlobalSection(ProjectConfigurationPlatforms) = postSolution
		{E9BA7EF5-645A-461E-9E36-06AD828E0FBA}.Debug|x64.ActiveCfg = Debug|x64
		{E9BA7EF5-645A-461E-9E36-06AD828E0FBA}.Debug|x64.Build.0 = Debug|x64
		{E9BA7EF5-645A-461E-9E36-06AD828E0FBA}.Debug|x86.ActiveCfg = Debug|Win32
		{E9BA7EF5-645A-461E-9E36-06AD828E0FBA}.Debug|x86.Build.0 = Debug|Win32
		{E9BA7EF5-645A-461E-9E36-06AD828E0FBA}.Release|x64.ActiveCfg = Release|x64
		{E9BA7EF5-645A-461E-9E36-06AD828E0FBA}.Release|x64.Build.0 = Release|x64
		{E9BA7EF5-645A-461E-9E36-06AD828E0FBA}.Release|x86.ActiveCfg = Release|Win32
		{E9BA7EF5-645A-461E-9E36-06AD828E0FBA}.Release|x86.Build.0 = Release|Win32
		{36C1E0AB-5C5C-424A-8DD7-38BE9CB69289}.Debug|x64.ActiveCfg = Debug|x64
		{36C1E0AB-5C5C-424A-8DD7-38BE9CB69289}.Debug|x64.Build.0 = Debug|x64
		{36C1E0AB-5C5C-424A-8DD7-38BE9CB69289}.Debug|x86.ActiveCfg = Debug|Win32
		{36C1E0AB-5C5C-424A-8DD7-38BE9CB69289}.Debug|x86.Build.0 = Debug|Win32
		{36C1E0AB-5C5C-424A-8DD7-38BE9CB69289}.Release|x64.ActiveCfg = Release|x64
		{36C1E0AB-5C5C-424A-8DD7-38BE9CB69289}.Release|x64.Build.0 = Release|x64
		{36C1E0AB-5C5C-424A-8DD7-38BE9CB69289}.Release|x86.ActiveCfg = Release|Win32
		{36C1E0AB-5C5C-424A-8DD7-38BE9CB69289}.Release|x86.Build.0 = Release|Win32
		{EB380FD1-1539-435E-97FB-1880D8C0E606}.Debug|x64.ActiveCfg = Debug|x64
		{EB380FD1-1539-435E-97FB-1880D8C0E606}.Debug|x64.Build.0 = Debug|x64
		{EB380FD1-1539-435E-97FB-1880D8C0E606}.Debug|x86.ActiveCfg = Debug|Win32
		{EB380FD1-1539-435E-97FB-1880D8C0E606}.Debug|x86.Build.0 = Debug|Win32
		{EB380FD1-1539-435E-97FB-1880D8C0E606}.Release|x64.ActiveCfg = Release|x64
		{EB380FD1-1539-435E-97FB-1880D8C0E606}.Release|x64.Build.0 = Release|x64
		{EB380FD1-1539-435E-97FB-1880D8C0E606}.Release|x86.ActiveCfg = Release|Win32
		{EB380FD1-1539-435E-97FB-1880D8C0E606}.Release|x86.Build.0 = Release|Win32
		{C6BD6D66-8213-492C-9C64-B2D2BE8BA76D}.Debug|x64.ActiveCfg = Debug|x64
		{C6BD6D66-8213-492C-9C64-B2D2BE8BA76D}.Debug|x64.Build.0 = Debug|x64
		{C6BD6D66-8213-492C-9C64-B2D2BE8BA76D}.Debug|x86.ActiveCfg = Debug|Win32
		{C6BD6D66-8213-492C-9C64-B2D2BE8BA76D}.Debug|x86.Build.0 = Debug|Win32
		{C6BD6D66-8213-492C-9C64-B2D2BE8BA76D}.Release|x64.ActiveCfg = Release|x64
		{C6BD6D66-8213-492C-9C64-B2D2BE8BA76D}.Release|x64.Build.0 = Release|x64
		{C6BD6D66-8213-492C-9C64-B2D2BE8BA76D}.Release|x86.ActiveCfg = Release|Win32
		{C6BD6D66-8213-492C-9C64-B2D2BE8BA76D}.Release|x86.Build.0 = Release|Win32
		{9062D1AC-86C3-4F34-8C4D-8EC324D2A2C4}.Debug|x64.ActiveCfg = Debug|x64
		{9062D1AC-86C3-4F34-8C4D-8EC324D2A2C4}.Debug|x64.Build.0 = Debug|x64
		{9062D1AC-86C3-4F34-8C4D-8EC324D2A2C4}.Debug|x86.ActiveCfg = Debug|Win32
		{9062D1AC-86C3-4F34-8C4D-8EC324D2A2C4}.Debug|x86.Build.0 = Debug|Win32
		{9062D1AC-86C3-4F34-8C4D-8EC324D2A2C4}.Release|x64.ActiveCfg = Release|x64
		{9062D1AC-86C3-4F34-8C4D-8EC324D2A2C4}.Release|x64.Build.0 = Release|x64
		{9062D1AC-86C3-4F34-8C4D-8EC324D2A2C4}.Release|x86.ActiveCfg = Release|Win32
		{9062D1AC-86C3-4F34-8C4D-8EC324D2A2C4}.Release|x86.Build.0 = Release|Win32
		{46060877-ECCB-435E-BB7C-FD5C37F17D73}.Debug|x64.ActiveCfg = Debug|x64
		{46060877-ECCB-435E-BB7C-FD5C37F17D73}.Debug|x64.Build.0 = Debug|x64
		{46060877-ECCB-435E-BB7C-FD5C37F17D73}.Debug|x86.ActiveCfg = Debug|Win32
		{46060877-ECCB-435E-BB7C-FD5C37F17D73}.Debug|x86.Build.0 = Debug|Win32
		{46060877-ECCB-435E-BB7C-FD5C37F17D73}.Release|x64.ActiveCfg = Release|x64
		{46060877-ECCB-435E-BB7C-FD5C37F17D73}.Release|x64.Build.0 = Release|x64
		{46060877-ECCB-435E-BB7C-FD5C37F17D73}.Release|x86.ActiveCfg = Release|Win32
		{46060877-ECCB-435E-BB7C-FD5C37F17D73}.Release|x86.Build.0 = Release|Win32
		{EAFB75E3-15D0-41DC-A29D-CB8E91660EC7}.Debug|x64.ActiveCfg = Debug|x64
		{EAFB75E3-15D0-41DC-A29D-CB8E91660EC7}.Debug|x64.Build.0 = Debug|x64
		{EAFB75E3-15D0-41DC-A29D-CB8E91660EC7}.Debug|x86.ActiveCfg = Debug|Win32
		{EAFB75E3-15D0-41DC-A29D-CB8E91660EC7}.Debug|x86.Build.0 = Debug|Win32
		{EAFB75E3-15D0-41DC-A29D-CB8E91660EC7}.Release|x64.ActiveCfg = Release|x64
		{EAFB75E3-15D0-41DC-A29D-CB8E91660EC7}.Release|x64.Build.0 = Release|x64
		{EAFB75E3-15D0-41DC-A29D-CB8E91660EC7}.Release|x86.ActiveCfg = Release|Win32
		{EAFB75E3-15D0-41DC-A29D-CB8E91660EC7}.Release|x86.Build.0 = Release|Win32
		{A5B9C76E-89B0-4F9A-9510-9B1C5C60DA8B}.Debug|x64.ActiveCfg = Debug|x64
		{A5B9C76E-89B0-4F9A-9510-9B1C5C60DA8B}.Debug|x64.Build.0 = Debug|x64
		{A5B9C76E-89B0-4F9A-9510-9B1C5C60DA8B}.Debug|x86.ActiveCfg = Debug|Win32
		{A5B9C76E-89B0-4F9A-9510-9B1C5C60DA8B}.Debug|x86.Build.0 = Debug|Win32
		{A5B9C76E-89B0-4F9A-9510-9B1C5C60DA8B}.Release|x64.ActiveCfg = Release|x64
		{A5B9C76E-89B0-4F9A-9510-9B1C5C60DA8B}.Release|x64.Build.0 = Release|x64
		{A5B9C76E-89B0-4F9A-9510-9B1C5C60DA8B}.Release|x86.ActiveCfg = Release|Win32
		{A5B9C76E-89B0-4F9A-9510-9B1C5C60DA8B}.Release|x86.Build.0 = Release|Win32
		{39F02245-5257-4D08-8618-8E57F6CDABD7}.Debug|x64.ActiveCfg = Debug|x64
		{39F02245-5257-4D08-8618-8E57F6CDABD7}.Debug|x64.Build.0 = Debug|x64
		{39F02245-5257-4D08-8618-8E57F6CDABD7}.Debug|x86.ActiveCfg = Debug|Win32
		{39F02245-5257-4D08-8618-8E57F6CDABD7}.Debug|x86.Build.0 = Debug|Win32
		{39F02245-5257-4D08-8618-8E57F6CDABD7}.Release|x64.ActiveCfg = Release|x64
		{39F02245-5257-4D08-8618-8E57F6CDABD7}.Release|x64.Build.0 = Release|x64
		{39F02245-5257-4D08-8618-8E57F6CDABD7}.Release|x86.ActiveCfg = Release|Win32
		{39F02245-5257-4D08-8618-8E57F6CDABD7}.Release|x86.Build.0 = Release|Win32
		{ECE3531F-AB04-427B-836D-70B96726C2B8}.Debug|x64.ActiveCfg = Debug|x64
		{ECE3531F-AB04-427B-836D-70B96726C2B8}.Debug|x64.Build.0 = Debug|x64
		{ECE3531F-AB04-427B-836D-70B96726C2B8}.Debug|x86.ActiveCfg = Debug|Win32
		{ECE3531F-AB04-427B-836D-70B96726C2B8}.Debug|x86.Build.0 = Debug|Win32
		{ECE3531F-AB04-427B-836D-70B96726C2B8}.Release|x64.ActiveCfg = Release|x64
		{ECE3531F-AB04-427B-836D-70B96726C2B8}.Release|x64.Build.0 = Release|x64
		{ECE3531F-AB04-427B-836D-70B96726C2B8}.Release|x86.ActiveCfg = Release|Win32
		{ECE3531F-AB04-427B-836D-70B96726C2B8}.Release|x86.Build.0 = Release|Win32
		{C3D7C018-7406-4ADC-8D23-54F6165182B1}.Debug|x64.ActiveCfg = Debug|x64
		{C3D7C018-7406-4ADC-8D23-54F6165182B1}.Debug|x64.Build.0 = Debug|x64
		{C3D7C018-7406-4ADC-8D23-54F6165182B1}.Debug|x86.ActiveCfg = Debug|Win32
		{C3D7C018-7406-4ADC-8D23-54F6165182B1}.Debug|x86.Build.0 = Debug|Win32
		{C3D7C018-7406-4ADC-8D23-54F6165182B1}.Release|x64.ActiveCfg = Release|x64
		{C3D7C018-7406-4ADC-8D23-54F6165182B1}.Release|x64.Build.0 = Release|x64
		{C3D7C018-7406-4ADC-8D23-54F6165182B1}.Release|x86.ActiveCfg = Release|Win32
		{C3D7C018-7406-4ADC-8D23-54F6165182B1}.Release|x86.Build.0 = Release|Win32
		{5B4A1BC0-E8D6-4DD4-8056-4E4C140E5EB3}.Debug|x64.ActiveCfg = Debug|x64
		{5B4A1BC0-E8D6-4DD4-8056-4E4C140E5EB3}.Debug|x64.Build.0 = Debug|x64
		{5B4A1BC0-E8D6-4DD4-8056-4E4C140E5EB3}.Debug|x86.ActiveCfg = Debug|Win32
		{5B4A1BC0-E8D6-4DD4-8056-4E4C140E5EB3}.Debug|x86.Build.0 = Debug|Win32
		{5B4A1BC0-E8D6-4DD4-8056-4E4C140E5EB3}.Release|x64.ActiveCfg = Release|x64
		{5B4A1BC0-E8D6-4DD4-8056-4E4C140E5EB3}.Release|x64.Build.0 = Release|x64
		{5B4A1BC0-E8D6-4DD4-8056-4E4C140E5EB3}.Release|x86.ActiveCfg = Release|Win32
		{5B4A1BC0-E8D6-4DD4-8056-4E4C140E5EB3}.Release|x86.Build.0 = Release|Win32
	EndGlobalSection
	GlobalSection(SolutionProperties) = preSolution
		HideSolutionNode = FALSE
	EndGlobalSection
	GlobalSection(ExtensibilityGlobals) = postSolution
		SolutionGuid = {05F99FBC-1ACC-47A0-AF13-529644E8B8CD}
	EndGlobalSection
EndGlobal
